
Microsoft Visual Studio Solution File, Format Version 12.00
# Visual Studio Version 16
VisualStudioVersion = 16.0.30114.105
MinimumVisualStudioVersion = 10.0.40219.1
Project("{FAE04EC0-301F-11D3-BF4B-00C04F79EFBC}") = "Penguin.Cms.Modules.Workers.Local", "Penguin.Cms.Modules.Workers.Local.csproj", "{28C3133F-C925-4378-B42E-855D9716E3E9}"
EndProject
Project("{FAE04EC0-301F-11D3-BF4B-00C04F79EFBC}") = "Penguin.Workers.Abstractions.Local", "..\Penguin.Workers.Abstractions\Penguin.Workers.Abstractions.Local.csproj", "{5979BBE8-DEFF-45E9-BD51-81C338AD17D9}"
EndProject
Project("{FAE04EC0-301F-11D3-BF4B-00C04F79EFBC}") = "Penguin.Cms.Logging.Local", "..\Penguin.Cms.Logging\Penguin.Cms.Logging.Local.csproj", "{1F4FCA26-0A56-4FE6-BBCB-EDF27DBBAC16}"
EndProject
Project("{FAE04EC0-301F-11D3-BF4B-00C04F79EFBC}") = "Penguin.Cms.Errors.Local", "..\Penguin.Cms.Errors\Penguin.Cms.Errors.Local.csproj", "{99FC4AE3-075B-40FF-A33B-D97AE877D9F7}"
EndProject
Project("{FAE04EC0-301F-11D3-BF4B-00C04F79EFBC}") = "Penguin.Auditing.Abstractions.Local", "..\Penguin.Auditing.Abstractions\Penguin.Auditing.Abstractions.Local.csproj", "{0B86ADC2-4DF7-40C7-A8A6-5A6C6E6D8CE5}"
EndProject
Project("{FAE04EC0-301F-11D3-BF4B-00C04F79EFBC}") = "Penguin.Extensions.Exceptions.Local", "..\Penguin.Extensions.Exceptions\Penguin.Extensions.Exceptions.Local.csproj", "{74690D86-77C9-4832-8BC5-8710387B05A5}"
EndProject
Project("{FAE04EC0-301F-11D3-BF4B-00C04F79EFBC}") = "Penguin.Cms.Entities.Local", "..\Penguin.Cms.Entities\Penguin.Cms.Entities.Local.csproj", "{4C7A12B5-127A-4812-A461-08A538F86F89}"
EndProject
Project("{FAE04EC0-301F-11D3-BF4B-00C04F79EFBC}") = "Penguin.Persistence.Abstractions.Local", "..\Penguin.Persistence.Abstractions\Penguin.Persistence.Abstractions.Local.csproj", "{53580771-B1C7-4813-A29C-D9C93CA6F771}"
EndProject
Project("{FAE04EC0-301F-11D3-BF4B-00C04F79EFBC}") = "Penguin.Entities.Abstractions.Local", "..\Penguin.Entities.Abstractions\Penguin.Entities.Abstractions.Local.csproj", "{9A9696AE-E0C6-4F72-925E-063E898C0EC5}"
EndProject
Project("{FAE04EC0-301F-11D3-BF4B-00C04F79EFBC}") = "Penguin.Reflection.Extensions.Local", "..\Penguin.Reflection.Extensions\Penguin.Reflection.Extensions.Local.csproj", "{9EC69114-4849-4387-BDCD-55A3B85703CA}"
EndProject
Project("{FAE04EC0-301F-11D3-BF4B-00C04F79EFBC}") = "Penguin.Reflection.Abstractions.Local", "..\Penguin.Reflection.Abstractions\Penguin.Reflection.Abstractions.Local.csproj", "{CF3D6CC8-D020-4F72-A4E4-E4A1129BD981}"
EndProject
Project("{FAE04EC0-301F-11D3-BF4B-00C04F79EFBC}") = "Penguin.Extensions.String.Local", "..\Penguin.Extensions.String\Penguin.Extensions.String.Local.csproj", "{5DE1AF2A-366A-49D1-A9B5-500F4266822B}"
EndProject
Project("{FAE04EC0-301F-11D3-BF4B-00C04F79EFBC}") = "Penguin.Messaging.Logging.Local", "..\Penguin.Messaging.Logging\Penguin.Messaging.Logging.Local.csproj", "{272F3F7C-123B-48E5-99A9-D6334DF338F7}"
EndProject
Project("{FAE04EC0-301F-11D3-BF4B-00C04F79EFBC}") = "Penguin.Messaging.Core.Local", "..\Penguin.Messaging.Core\Penguin.Messaging.Core.Local.csproj", "{7EE717CB-E3E9-4C0B-83F4-C6423372E2C5}"
EndProject
Project("{FAE04EC0-301F-11D3-BF4B-00C04F79EFBC}") = "Penguin.Messaging.Abstractions.Local", "..\Penguin.Messaging.Abstractions\Penguin.Messaging.Abstractions.Local.csproj", "{474B48E1-E549-48E5-9281-D23915C4F477}"
EndProject
Project("{FAE04EC0-301F-11D3-BF4B-00C04F79EFBC}") = "Penguin.Debugging.Local", "..\Penguin.Debugging\Penguin.Debugging.Local.csproj", "{A8A51343-F1DB-4E7D-821E-0CC28E54D029}"
EndProject
Project("{FAE04EC0-301F-11D3-BF4B-00C04F79EFBC}") = "Penguin.Workers.Repositories.Local", "..\Penguin.Workers.Repositories\Penguin.Workers.Repositories.Local.csproj", "{72BA6C74-4753-421F-B244-A6C9DF045E0B}"
EndProject
Project("{FAE04EC0-301F-11D3-BF4B-00C04F79EFBC}") = "Penguin.Cms.Workers.Entities.Local", "..\Penguin.Cms.Workers.Entities\Penguin.Cms.Workers.Entities.Local.csproj", "{A1AAA5BF-CBC2-4B2A-9609-C5983F7E1030}"
EndProject
Project("{FAE04EC0-301F-11D3-BF4B-00C04F79EFBC}") = "Penguin.Cms.Repositories.Local", "..\Penguin.Cms.Repositories\Penguin.Cms.Repositories.Local.csproj", "{AFAC8841-1FCA-4197-AC26-27C361FE0D05}"
EndProject
Project("{FAE04EC0-301F-11D3-BF4B-00C04F79EFBC}") = "Penguin.Persistence.Repositories.Local", "..\Penguin.Persistence.Repositories\Penguin.Persistence.Repositories.Local.csproj", "{7408E789-1BFA-4B59-BE73-B7EFF5DEE790}"
EndProject
Project("{FAE04EC0-301F-11D3-BF4B-00C04F79EFBC}") = "Penguin.DependencyInjection.Abstractions.Local", "..\Penguin.DependencyInjection.Abstractions\Penguin.DependencyInjection.Abstractions.Local.csproj", "{9D2BD83C-747A-4038-88CA-1D4E53F00F60}"
EndProject
Project("{FAE04EC0-301F-11D3-BF4B-00C04F79EFBC}") = "Penguin.Messaging.Persistence.Local", "..\Penguin.Messaging.Persistence\Penguin.Messaging.Persistence.Local.csproj", "{A28F90B1-1274-4377-AE22-D890762C0682}"
EndProject
Project("{FAE04EC0-301F-11D3-BF4B-00C04F79EFBC}") = "Penguin.Reflection.Local", "..\Penguin.Reflection\Penguin.Reflection.Local.csproj", "{63C3A21B-B165-4847-880C-E8BE9AC27A64}"
EndProject
Project("{FAE04EC0-301F-11D3-BF4B-00C04F79EFBC}") = "Penguin.Cms.Modules.Admin.Local", "..\Penguin.Cms.Modules.Admin\Penguin.Cms.Modules.Admin.Local.csproj", "{F2B8DBC1-FB0C-4887-B826-9DC94065BC09}"
EndProject
Project("{FAE04EC0-301F-11D3-BF4B-00C04F79EFBC}") = "Penguin.Web.Security.Local", "..\Penguin.Web.Security\Penguin.Web.Security.Local.csproj", "{4B6F4D2B-C450-489E-9FCA-F84E1DBDE172}"
EndProject
Project("{FAE04EC0-301F-11D3-BF4B-00C04F79EFBC}") = "Penguin.Security.Abstractions.Local", "..\Penguin.Security.Abstractions\Penguin.Security.Abstractions.Local.csproj", "{83023268-A50E-4873-B202-21D2906F3EC6}"
EndProject
Project("{FAE04EC0-301F-11D3-BF4B-00C04F79EFBC}") = "Penguin.Cms.Modules.Core.Local", "..\Penguin.Cms.Modules.Core\Penguin.Cms.Modules.Core.Local.csproj", "{1CD435E5-2DC9-4BAA-B48C-6E4B639304F2}"
EndProject
Project("{FAE04EC0-301F-11D3-BF4B-00C04F79EFBC}") = "Penguin.Navigation.Abstractions.Local", "..\Penguin.Navigation.Abstractions\Penguin.Navigation.Abstractions.Local.csproj", "{DE1096CA-87A9-47CF-BBEF-DDFDFD7FFB85}"
EndProject
Project("{FAE04EC0-301F-11D3-BF4B-00C04F79EFBC}") = "Penguin.Cms.Core.Local", "..\Penguin.Cms.Core\Penguin.Cms.Core.Local.csproj", "{62A8C08C-A276-4977-ACBB-8CD8A2D778DB}"
EndProject
Project("{FAE04EC0-301F-11D3-BF4B-00C04F79EFBC}") = "Penguin.Cms.Abstractions.Local", "..\Penguin.Cms.Abstractions\Penguin.Cms.Abstractions.Local.csproj", "{3DA7A749-F395-4CEA-B9DF-99F93036802B}"
EndProject
Project("{FAE04EC0-301F-11D3-BF4B-00C04F79EFBC}") = "Penguin.Cms.Web.Local", "..\Penguin.Cms.Web\Penguin.Cms.Web.Local.csproj", "{F57C494C-1AF1-417D-A9F4-9529825A5455}"
EndProject
Project("{FAE04EC0-301F-11D3-BF4B-00C04F79EFBC}") = "Penguin.Web.Mvc.Local", "..\Penguin.Web.Mvc\Penguin.Web.Mvc.Local.csproj", "{34DF1EA1-BDA9-4554-80B1-6E2F68CF2363}"
EndProject
Project("{FAE04EC0-301F-11D3-BF4B-00C04F79EFBC}") = "Penguin.Web.Mvc.Abstractions.Local", "..\Penguin.Web.Mvc.Abstractions\Penguin.Web.Mvc.Abstractions.Local.csproj", "{33CF5A19-CCE2-4C54-ADF2-9A4BCFBADB0F}"
EndProject
Project("{FAE04EC0-301F-11D3-BF4B-00C04F79EFBC}") = "Penguin.Templating.Abstractions.Local", "..\Penguin.Templating.Abstractions\Penguin.Templating.Abstractions.Local.csproj", "{B7743801-226E-41F1-8A84-BC01F20C9529}"
EndProject
Project("{FAE04EC0-301F-11D3-BF4B-00C04F79EFBC}") = "Penguin.Web.Abstractions.Local", "..\Penguin.Web.Abstractions\Penguin.Web.Abstractions.Local.csproj", "{019A0327-3678-4DC1-A073-05E462CBCD74}"
EndProject
Project("{FAE04EC0-301F-11D3-BF4B-00C04F79EFBC}") = "Penguin.Configuration.Local", "..\Penguin.Configuration\Penguin.Configuration.Local.csproj", "{35394FFC-070D-4248-8E37-12A3825C67C1}"
EndProject
Project("{FAE04EC0-301F-11D3-BF4B-00C04F79EFBC}") = "Penguin.Configuration.Abstractions.Local", "..\Penguin.Configuration.Abstractions\Penguin.Configuration.Abstractions.Local.csproj", "{5992B040-33D1-4ADB-A41C-84D269BE6596}"
EndProject
Project("{FAE04EC0-301F-11D3-BF4B-00C04F79EFBC}") = "Penguin.Extensions.Collections.Local", "..\Penguin.Extensions.Collections\Penguin.Extensions.Collections.Local.csproj", "{C52F6BE5-FAC0-4F30-874E-0FF6F8D2ABAC}"
EndProject
Project("{FAE04EC0-301F-11D3-BF4B-00C04F79EFBC}") = "Penguin.Messaging.Application.Local", "..\Penguin.Messaging.Application\Penguin.Messaging.Application.Local.csproj", "{74969167-093B-466C-BE45-5A560E6789F6}"
EndProject
Project("{FAE04EC0-301F-11D3-BF4B-00C04F79EFBC}") = "Penguin.Testing.Local", "..\Penguin.Testing\Penguin.Testing.Local.csproj", "{FCD50A63-9ABD-49E3-BB31-C86CE2CC3CD0}"
EndProject
Project("{FAE04EC0-301F-11D3-BF4B-00C04F79EFBC}") = "Penguin.Web.Errors.Local", "..\Penguin.Web.Errors\Penguin.Web.Errors.Local.csproj", "{BF46334A-86F4-458D-98B5-91D96883F14A}"
EndProject
Project("{FAE04EC0-301F-11D3-BF4B-00C04F79EFBC}") = "Penguin.Files.Local", "..\Penguin.Files\Penguin.Files.Local.csproj", "{7034F266-8DB2-433D-BAD6-4139AECCFCEE}"
EndProject
Project("{FAE04EC0-301F-11D3-BF4B-00C04F79EFBC}") = "Penguin.Files.Abstractions.Local", "..\Penguin.Files.Abstractions\Penguin.Files.Abstractions.Local.csproj", "{2D8E3C97-3C1D-42BD-9A21-3D3F8CCBA669}"
EndProject
Project("{FAE04EC0-301F-11D3-BF4B-00C04F79EFBC}") = "Penguin.Web.DependencyInjection.Local", "..\Penguin.Web.DependencyInjection\Penguin.Web.DependencyInjection.Local.csproj", "{29577536-F13B-4F1E-9D77-3E70FB9EEE3C}"
EndProject
Project("{FAE04EC0-301F-11D3-BF4B-00C04F79EFBC}") = "Penguin.Web.Testing.Local", "..\Penguin.Web.Testing\Penguin.Web.Testing.Local.csproj", "{B274988E-E229-407D-8553-0D45848CF084}"
EndProject
Project("{FAE04EC0-301F-11D3-BF4B-00C04F79EFBC}") = "Penguin.DependencyInjection.Local", "..\Penguin.DependencyInjection\Penguin.DependencyInjection.Local.csproj", "{1768F81B-1FF7-4CAF-B4AE-4F71C6A66437}"
EndProject
Project("{FAE04EC0-301F-11D3-BF4B-00C04F79EFBC}") = "Penguin.Reflection.Serialization.Extensions.Local", "..\Penguin.Reflection.Serialization.Extensions\Penguin.Reflection.Serialization.Extensions.Local.csproj", "{FB86070B-F4F7-4BED-983D-0FE756EF46D3}"
EndProject
Project("{FAE04EC0-301F-11D3-BF4B-00C04F79EFBC}") = "Penguin.Reflection.Serialization.Local", "..\Penguin.Reflection.Serialization\Penguin.Reflection.Serialization.Local.csproj", "{97D381FC-3C13-4603-8C74-569F6A53A2F7}"
EndProject
Project("{FAE04EC0-301F-11D3-BF4B-00C04F79EFBC}") = "Penguin.Reflection.Serialization.Abstractions.Local", "..\Penguin.Reflection.Serialization.Abstractions\Penguin.Reflection.Serialization.Abstractions.Local.csproj", "{7BF0DBDC-2660-4060-9F2B-2A6FF0D57EE7}"
EndProject
Project("{FAE04EC0-301F-11D3-BF4B-00C04F79EFBC}") = "Penguin.Persistence.Database.Local", "..\Penguin.Persistence.Database\Penguin.Persistence.Database.Local.csproj", "{2C60E133-4D73-40F5-8828-780363E6C540}"
EndProject
Project("{FAE04EC0-301F-11D3-BF4B-00C04F79EFBC}") = "Penguin.Threading.BackgroundWorker.Local", "..\Penguin.Threading.BackgroundWorker\Penguin.Threading.BackgroundWorker.Local.csproj", "{BAE83F82-7CF6-423E-99C2-C693C9054B5C}"
EndProject
Global
	GlobalSection(SolutionConfigurationPlatforms) = preSolution
		Debug|Any CPU = Debug|Any CPU
		Debug|x64 = Debug|x64
		Debug|x86 = Debug|x86
		Release|Any CPU = Release|Any CPU
		Release|x64 = Release|x64
		Release|x86 = Release|x86
	EndGlobalSection
	GlobalSection(SolutionProperties) = preSolution
		HideSolutionNode = FALSE
	EndGlobalSection
	GlobalSection(ProjectConfigurationPlatforms) = postSolution
		{28C3133F-C925-4378-B42E-855D9716E3E9}.Debug|Any CPU.ActiveCfg = Debug|Any CPU
		{28C3133F-C925-4378-B42E-855D9716E3E9}.Debug|Any CPU.Build.0 = Debug|Any CPU
		{28C3133F-C925-4378-B42E-855D9716E3E9}.Debug|x64.ActiveCfg = Debug|Any CPU
		{28C3133F-C925-4378-B42E-855D9716E3E9}.Debug|x64.Build.0 = Debug|Any CPU
		{28C3133F-C925-4378-B42E-855D9716E3E9}.Debug|x86.ActiveCfg = Debug|Any CPU
		{28C3133F-C925-4378-B42E-855D9716E3E9}.Debug|x86.Build.0 = Debug|Any CPU
		{28C3133F-C925-4378-B42E-855D9716E3E9}.Release|Any CPU.ActiveCfg = Release|Any CPU
		{28C3133F-C925-4378-B42E-855D9716E3E9}.Release|Any CPU.Build.0 = Release|Any CPU
		{28C3133F-C925-4378-B42E-855D9716E3E9}.Release|x64.ActiveCfg = Release|Any CPU
		{28C3133F-C925-4378-B42E-855D9716E3E9}.Release|x64.Build.0 = Release|Any CPU
		{28C3133F-C925-4378-B42E-855D9716E3E9}.Release|x86.ActiveCfg = Release|Any CPU
		{28C3133F-C925-4378-B42E-855D9716E3E9}.Release|x86.Build.0 = Release|Any CPU
		{5979BBE8-DEFF-45E9-BD51-81C338AD17D9}.Debug|Any CPU.ActiveCfg = Debug|Any CPU
		{5979BBE8-DEFF-45E9-BD51-81C338AD17D9}.Debug|Any CPU.Build.0 = Debug|Any CPU
		{5979BBE8-DEFF-45E9-BD51-81C338AD17D9}.Debug|x64.ActiveCfg = Debug|Any CPU
		{5979BBE8-DEFF-45E9-BD51-81C338AD17D9}.Debug|x64.Build.0 = Debug|Any CPU
		{5979BBE8-DEFF-45E9-BD51-81C338AD17D9}.Debug|x86.ActiveCfg = Debug|Any CPU
		{5979BBE8-DEFF-45E9-BD51-81C338AD17D9}.Debug|x86.Build.0 = Debug|Any CPU
		{5979BBE8-DEFF-45E9-BD51-81C338AD17D9}.Release|Any CPU.ActiveCfg = Release|Any CPU
		{5979BBE8-DEFF-45E9-BD51-81C338AD17D9}.Release|Any CPU.Build.0 = Release|Any CPU
		{5979BBE8-DEFF-45E9-BD51-81C338AD17D9}.Release|x64.ActiveCfg = Release|Any CPU
		{5979BBE8-DEFF-45E9-BD51-81C338AD17D9}.Release|x64.Build.0 = Release|Any CPU
		{5979BBE8-DEFF-45E9-BD51-81C338AD17D9}.Release|x86.ActiveCfg = Release|Any CPU
		{5979BBE8-DEFF-45E9-BD51-81C338AD17D9}.Release|x86.Build.0 = Release|Any CPU
		{1F4FCA26-0A56-4FE6-BBCB-EDF27DBBAC16}.Debug|Any CPU.ActiveCfg = Debug|Any CPU
		{1F4FCA26-0A56-4FE6-BBCB-EDF27DBBAC16}.Debug|Any CPU.Build.0 = Debug|Any CPU
		{1F4FCA26-0A56-4FE6-BBCB-EDF27DBBAC16}.Debug|x64.ActiveCfg = Debug|Any CPU
		{1F4FCA26-0A56-4FE6-BBCB-EDF27DBBAC16}.Debug|x64.Build.0 = Debug|Any CPU
		{1F4FCA26-0A56-4FE6-BBCB-EDF27DBBAC16}.Debug|x86.ActiveCfg = Debug|Any CPU
		{1F4FCA26-0A56-4FE6-BBCB-EDF27DBBAC16}.Debug|x86.Build.0 = Debug|Any CPU
		{1F4FCA26-0A56-4FE6-BBCB-EDF27DBBAC16}.Release|Any CPU.ActiveCfg = Release|Any CPU
		{1F4FCA26-0A56-4FE6-BBCB-EDF27DBBAC16}.Release|Any CPU.Build.0 = Release|Any CPU
		{1F4FCA26-0A56-4FE6-BBCB-EDF27DBBAC16}.Release|x64.ActiveCfg = Release|Any CPU
		{1F4FCA26-0A56-4FE6-BBCB-EDF27DBBAC16}.Release|x64.Build.0 = Release|Any CPU
		{1F4FCA26-0A56-4FE6-BBCB-EDF27DBBAC16}.Release|x86.ActiveCfg = Release|Any CPU
		{1F4FCA26-0A56-4FE6-BBCB-EDF27DBBAC16}.Release|x86.Build.0 = Release|Any CPU
		{99FC4AE3-075B-40FF-A33B-D97AE877D9F7}.Debug|Any CPU.ActiveCfg = Debug|Any CPU
		{99FC4AE3-075B-40FF-A33B-D97AE877D9F7}.Debug|Any CPU.Build.0 = Debug|Any CPU
		{99FC4AE3-075B-40FF-A33B-D97AE877D9F7}.Debug|x64.ActiveCfg = Debug|Any CPU
		{99FC4AE3-075B-40FF-A33B-D97AE877D9F7}.Debug|x64.Build.0 = Debug|Any CPU
		{99FC4AE3-075B-40FF-A33B-D97AE877D9F7}.Debug|x86.ActiveCfg = Debug|Any CPU
		{99FC4AE3-075B-40FF-A33B-D97AE877D9F7}.Debug|x86.Build.0 = Debug|Any CPU
		{99FC4AE3-075B-40FF-A33B-D97AE877D9F7}.Release|Any CPU.ActiveCfg = Release|Any CPU
		{99FC4AE3-075B-40FF-A33B-D97AE877D9F7}.Release|Any CPU.Build.0 = Release|Any CPU
		{99FC4AE3-075B-40FF-A33B-D97AE877D9F7}.Release|x64.ActiveCfg = Release|Any CPU
		{99FC4AE3-075B-40FF-A33B-D97AE877D9F7}.Release|x64.Build.0 = Release|Any CPU
		{99FC4AE3-075B-40FF-A33B-D97AE877D9F7}.Release|x86.ActiveCfg = Release|Any CPU
		{99FC4AE3-075B-40FF-A33B-D97AE877D9F7}.Release|x86.Build.0 = Release|Any CPU
		{0B86ADC2-4DF7-40C7-A8A6-5A6C6E6D8CE5}.Debug|Any CPU.ActiveCfg = Debug|Any CPU
		{0B86ADC2-4DF7-40C7-A8A6-5A6C6E6D8CE5}.Debug|Any CPU.Build.0 = Debug|Any CPU
		{0B86ADC2-4DF7-40C7-A8A6-5A6C6E6D8CE5}.Debug|x64.ActiveCfg = Debug|Any CPU
		{0B86ADC2-4DF7-40C7-A8A6-5A6C6E6D8CE5}.Debug|x64.Build.0 = Debug|Any CPU
		{0B86ADC2-4DF7-40C7-A8A6-5A6C6E6D8CE5}.Debug|x86.ActiveCfg = Debug|Any CPU
		{0B86ADC2-4DF7-40C7-A8A6-5A6C6E6D8CE5}.Debug|x86.Build.0 = Debug|Any CPU
		{0B86ADC2-4DF7-40C7-A8A6-5A6C6E6D8CE5}.Release|Any CPU.ActiveCfg = Release|Any CPU
		{0B86ADC2-4DF7-40C7-A8A6-5A6C6E6D8CE5}.Release|Any CPU.Build.0 = Release|Any CPU
		{0B86ADC2-4DF7-40C7-A8A6-5A6C6E6D8CE5}.Release|x64.ActiveCfg = Release|Any CPU
		{0B86ADC2-4DF7-40C7-A8A6-5A6C6E6D8CE5}.Release|x64.Build.0 = Release|Any CPU
		{0B86ADC2-4DF7-40C7-A8A6-5A6C6E6D8CE5}.Release|x86.ActiveCfg = Release|Any CPU
		{0B86ADC2-4DF7-40C7-A8A6-5A6C6E6D8CE5}.Release|x86.Build.0 = Release|Any CPU
		{74690D86-77C9-4832-8BC5-8710387B05A5}.Debug|Any CPU.ActiveCfg = Debug|Any CPU
		{74690D86-77C9-4832-8BC5-8710387B05A5}.Debug|Any CPU.Build.0 = Debug|Any CPU
		{74690D86-77C9-4832-8BC5-8710387B05A5}.Debug|x64.ActiveCfg = Debug|Any CPU
		{74690D86-77C9-4832-8BC5-8710387B05A5}.Debug|x64.Build.0 = Debug|Any CPU
		{74690D86-77C9-4832-8BC5-8710387B05A5}.Debug|x86.ActiveCfg = Debug|Any CPU
		{74690D86-77C9-4832-8BC5-8710387B05A5}.Debug|x86.Build.0 = Debug|Any CPU
		{74690D86-77C9-4832-8BC5-8710387B05A5}.Release|Any CPU.ActiveCfg = Release|Any CPU
		{74690D86-77C9-4832-8BC5-8710387B05A5}.Release|Any CPU.Build.0 = Release|Any CPU
		{74690D86-77C9-4832-8BC5-8710387B05A5}.Release|x64.ActiveCfg = Release|Any CPU
		{74690D86-77C9-4832-8BC5-8710387B05A5}.Release|x64.Build.0 = Release|Any CPU
		{74690D86-77C9-4832-8BC5-8710387B05A5}.Release|x86.ActiveCfg = Release|Any CPU
		{74690D86-77C9-4832-8BC5-8710387B05A5}.Release|x86.Build.0 = Release|Any CPU
		{4C7A12B5-127A-4812-A461-08A538F86F89}.Debug|Any CPU.ActiveCfg = Debug|Any CPU
		{4C7A12B5-127A-4812-A461-08A538F86F89}.Debug|Any CPU.Build.0 = Debug|Any CPU
		{4C7A12B5-127A-4812-A461-08A538F86F89}.Debug|x64.ActiveCfg = Debug|Any CPU
		{4C7A12B5-127A-4812-A461-08A538F86F89}.Debug|x64.Build.0 = Debug|Any CPU
		{4C7A12B5-127A-4812-A461-08A538F86F89}.Debug|x86.ActiveCfg = Debug|Any CPU
		{4C7A12B5-127A-4812-A461-08A538F86F89}.Debug|x86.Build.0 = Debug|Any CPU
		{4C7A12B5-127A-4812-A461-08A538F86F89}.Release|Any CPU.ActiveCfg = Release|Any CPU
		{4C7A12B5-127A-4812-A461-08A538F86F89}.Release|Any CPU.Build.0 = Release|Any CPU
		{4C7A12B5-127A-4812-A461-08A538F86F89}.Release|x64.ActiveCfg = Release|Any CPU
		{4C7A12B5-127A-4812-A461-08A538F86F89}.Release|x64.Build.0 = Release|Any CPU
		{4C7A12B5-127A-4812-A461-08A538F86F89}.Release|x86.ActiveCfg = Release|Any CPU
		{4C7A12B5-127A-4812-A461-08A538F86F89}.Release|x86.Build.0 = Release|Any CPU
		{53580771-B1C7-4813-A29C-D9C93CA6F771}.Debug|Any CPU.ActiveCfg = Debug|Any CPU
		{53580771-B1C7-4813-A29C-D9C93CA6F771}.Debug|Any CPU.Build.0 = Debug|Any CPU
		{53580771-B1C7-4813-A29C-D9C93CA6F771}.Debug|x64.ActiveCfg = Debug|Any CPU
		{53580771-B1C7-4813-A29C-D9C93CA6F771}.Debug|x64.Build.0 = Debug|Any CPU
		{53580771-B1C7-4813-A29C-D9C93CA6F771}.Debug|x86.ActiveCfg = Debug|Any CPU
		{53580771-B1C7-4813-A29C-D9C93CA6F771}.Debug|x86.Build.0 = Debug|Any CPU
		{53580771-B1C7-4813-A29C-D9C93CA6F771}.Release|Any CPU.ActiveCfg = Release|Any CPU
		{53580771-B1C7-4813-A29C-D9C93CA6F771}.Release|Any CPU.Build.0 = Release|Any CPU
		{53580771-B1C7-4813-A29C-D9C93CA6F771}.Release|x64.ActiveCfg = Release|Any CPU
		{53580771-B1C7-4813-A29C-D9C93CA6F771}.Release|x64.Build.0 = Release|Any CPU
		{53580771-B1C7-4813-A29C-D9C93CA6F771}.Release|x86.ActiveCfg = Release|Any CPU
		{53580771-B1C7-4813-A29C-D9C93CA6F771}.Release|x86.Build.0 = Release|Any CPU
		{9A9696AE-E0C6-4F72-925E-063E898C0EC5}.Debug|Any CPU.ActiveCfg = Debug|Any CPU
		{9A9696AE-E0C6-4F72-925E-063E898C0EC5}.Debug|Any CPU.Build.0 = Debug|Any CPU
		{9A9696AE-E0C6-4F72-925E-063E898C0EC5}.Debug|x64.ActiveCfg = Debug|Any CPU
		{9A9696AE-E0C6-4F72-925E-063E898C0EC5}.Debug|x64.Build.0 = Debug|Any CPU
		{9A9696AE-E0C6-4F72-925E-063E898C0EC5}.Debug|x86.ActiveCfg = Debug|Any CPU
		{9A9696AE-E0C6-4F72-925E-063E898C0EC5}.Debug|x86.Build.0 = Debug|Any CPU
		{9A9696AE-E0C6-4F72-925E-063E898C0EC5}.Release|Any CPU.ActiveCfg = Release|Any CPU
		{9A9696AE-E0C6-4F72-925E-063E898C0EC5}.Release|Any CPU.Build.0 = Release|Any CPU
		{9A9696AE-E0C6-4F72-925E-063E898C0EC5}.Release|x64.ActiveCfg = Release|Any CPU
		{9A9696AE-E0C6-4F72-925E-063E898C0EC5}.Release|x64.Build.0 = Release|Any CPU
		{9A9696AE-E0C6-4F72-925E-063E898C0EC5}.Release|x86.ActiveCfg = Release|Any CPU
		{9A9696AE-E0C6-4F72-925E-063E898C0EC5}.Release|x86.Build.0 = Release|Any CPU
		{9EC69114-4849-4387-BDCD-55A3B85703CA}.Debug|Any CPU.ActiveCfg = Debug|Any CPU
		{9EC69114-4849-4387-BDCD-55A3B85703CA}.Debug|Any CPU.Build.0 = Debug|Any CPU
		{9EC69114-4849-4387-BDCD-55A3B85703CA}.Debug|x64.ActiveCfg = Debug|Any CPU
		{9EC69114-4849-4387-BDCD-55A3B85703CA}.Debug|x64.Build.0 = Debug|Any CPU
		{9EC69114-4849-4387-BDCD-55A3B85703CA}.Debug|x86.ActiveCfg = Debug|Any CPU
		{9EC69114-4849-4387-BDCD-55A3B85703CA}.Debug|x86.Build.0 = Debug|Any CPU
		{9EC69114-4849-4387-BDCD-55A3B85703CA}.Release|Any CPU.ActiveCfg = Release|Any CPU
		{9EC69114-4849-4387-BDCD-55A3B85703CA}.Release|Any CPU.Build.0 = Release|Any CPU
		{9EC69114-4849-4387-BDCD-55A3B85703CA}.Release|x64.ActiveCfg = Release|Any CPU
		{9EC69114-4849-4387-BDCD-55A3B85703CA}.Release|x64.Build.0 = Release|Any CPU
		{9EC69114-4849-4387-BDCD-55A3B85703CA}.Release|x86.ActiveCfg = Release|Any CPU
		{9EC69114-4849-4387-BDCD-55A3B85703CA}.Release|x86.Build.0 = Release|Any CPU
		{CF3D6CC8-D020-4F72-A4E4-E4A1129BD981}.Debug|Any CPU.ActiveCfg = Debug|Any CPU
		{CF3D6CC8-D020-4F72-A4E4-E4A1129BD981}.Debug|Any CPU.Build.0 = Debug|Any CPU
		{CF3D6CC8-D020-4F72-A4E4-E4A1129BD981}.Debug|x64.ActiveCfg = Debug|Any CPU
		{CF3D6CC8-D020-4F72-A4E4-E4A1129BD981}.Debug|x64.Build.0 = Debug|Any CPU
		{CF3D6CC8-D020-4F72-A4E4-E4A1129BD981}.Debug|x86.ActiveCfg = Debug|Any CPU
		{CF3D6CC8-D020-4F72-A4E4-E4A1129BD981}.Debug|x86.Build.0 = Debug|Any CPU
		{CF3D6CC8-D020-4F72-A4E4-E4A1129BD981}.Release|Any CPU.ActiveCfg = Release|Any CPU
		{CF3D6CC8-D020-4F72-A4E4-E4A1129BD981}.Release|Any CPU.Build.0 = Release|Any CPU
		{CF3D6CC8-D020-4F72-A4E4-E4A1129BD981}.Release|x64.ActiveCfg = Release|Any CPU
		{CF3D6CC8-D020-4F72-A4E4-E4A1129BD981}.Release|x64.Build.0 = Release|Any CPU
		{CF3D6CC8-D020-4F72-A4E4-E4A1129BD981}.Release|x86.ActiveCfg = Release|Any CPU
		{CF3D6CC8-D020-4F72-A4E4-E4A1129BD981}.Release|x86.Build.0 = Release|Any CPU
		{5DE1AF2A-366A-49D1-A9B5-500F4266822B}.Debug|Any CPU.ActiveCfg = Debug|Any CPU
		{5DE1AF2A-366A-49D1-A9B5-500F4266822B}.Debug|Any CPU.Build.0 = Debug|Any CPU
		{5DE1AF2A-366A-49D1-A9B5-500F4266822B}.Debug|x64.ActiveCfg = Debug|Any CPU
		{5DE1AF2A-366A-49D1-A9B5-500F4266822B}.Debug|x64.Build.0 = Debug|Any CPU
		{5DE1AF2A-366A-49D1-A9B5-500F4266822B}.Debug|x86.ActiveCfg = Debug|Any CPU
		{5DE1AF2A-366A-49D1-A9B5-500F4266822B}.Debug|x86.Build.0 = Debug|Any CPU
		{5DE1AF2A-366A-49D1-A9B5-500F4266822B}.Release|Any CPU.ActiveCfg = Release|Any CPU
		{5DE1AF2A-366A-49D1-A9B5-500F4266822B}.Release|Any CPU.Build.0 = Release|Any CPU
		{5DE1AF2A-366A-49D1-A9B5-500F4266822B}.Release|x64.ActiveCfg = Release|Any CPU
		{5DE1AF2A-366A-49D1-A9B5-500F4266822B}.Release|x64.Build.0 = Release|Any CPU
		{5DE1AF2A-366A-49D1-A9B5-500F4266822B}.Release|x86.ActiveCfg = Release|Any CPU
		{5DE1AF2A-366A-49D1-A9B5-500F4266822B}.Release|x86.Build.0 = Release|Any CPU
		{272F3F7C-123B-48E5-99A9-D6334DF338F7}.Debug|Any CPU.ActiveCfg = Debug|Any CPU
		{272F3F7C-123B-48E5-99A9-D6334DF338F7}.Debug|Any CPU.Build.0 = Debug|Any CPU
		{272F3F7C-123B-48E5-99A9-D6334DF338F7}.Debug|x64.ActiveCfg = Debug|Any CPU
		{272F3F7C-123B-48E5-99A9-D6334DF338F7}.Debug|x64.Build.0 = Debug|Any CPU
		{272F3F7C-123B-48E5-99A9-D6334DF338F7}.Debug|x86.ActiveCfg = Debug|Any CPU
		{272F3F7C-123B-48E5-99A9-D6334DF338F7}.Debug|x86.Build.0 = Debug|Any CPU
		{272F3F7C-123B-48E5-99A9-D6334DF338F7}.Release|Any CPU.ActiveCfg = Release|Any CPU
		{272F3F7C-123B-48E5-99A9-D6334DF338F7}.Release|Any CPU.Build.0 = Release|Any CPU
		{272F3F7C-123B-48E5-99A9-D6334DF338F7}.Release|x64.ActiveCfg = Release|Any CPU
		{272F3F7C-123B-48E5-99A9-D6334DF338F7}.Release|x64.Build.0 = Release|Any CPU
		{272F3F7C-123B-48E5-99A9-D6334DF338F7}.Release|x86.ActiveCfg = Release|Any CPU
		{272F3F7C-123B-48E5-99A9-D6334DF338F7}.Release|x86.Build.0 = Release|Any CPU
		{7EE717CB-E3E9-4C0B-83F4-C6423372E2C5}.Debug|Any CPU.ActiveCfg = Debug|Any CPU
		{7EE717CB-E3E9-4C0B-83F4-C6423372E2C5}.Debug|Any CPU.Build.0 = Debug|Any CPU
		{7EE717CB-E3E9-4C0B-83F4-C6423372E2C5}.Debug|x64.ActiveCfg = Debug|Any CPU
		{7EE717CB-E3E9-4C0B-83F4-C6423372E2C5}.Debug|x64.Build.0 = Debug|Any CPU
		{7EE717CB-E3E9-4C0B-83F4-C6423372E2C5}.Debug|x86.ActiveCfg = Debug|Any CPU
		{7EE717CB-E3E9-4C0B-83F4-C6423372E2C5}.Debug|x86.Build.0 = Debug|Any CPU
		{7EE717CB-E3E9-4C0B-83F4-C6423372E2C5}.Release|Any CPU.ActiveCfg = Release|Any CPU
		{7EE717CB-E3E9-4C0B-83F4-C6423372E2C5}.Release|Any CPU.Build.0 = Release|Any CPU
		{7EE717CB-E3E9-4C0B-83F4-C6423372E2C5}.Release|x64.ActiveCfg = Release|Any CPU
		{7EE717CB-E3E9-4C0B-83F4-C6423372E2C5}.Release|x64.Build.0 = Release|Any CPU
		{7EE717CB-E3E9-4C0B-83F4-C6423372E2C5}.Release|x86.ActiveCfg = Release|Any CPU
		{7EE717CB-E3E9-4C0B-83F4-C6423372E2C5}.Release|x86.Build.0 = Release|Any CPU
		{474B48E1-E549-48E5-9281-D23915C4F477}.Debug|Any CPU.ActiveCfg = Debug|Any CPU
		{474B48E1-E549-48E5-9281-D23915C4F477}.Debug|Any CPU.Build.0 = Debug|Any CPU
		{474B48E1-E549-48E5-9281-D23915C4F477}.Debug|x64.ActiveCfg = Debug|Any CPU
		{474B48E1-E549-48E5-9281-D23915C4F477}.Debug|x64.Build.0 = Debug|Any CPU
		{474B48E1-E549-48E5-9281-D23915C4F477}.Debug|x86.ActiveCfg = Debug|Any CPU
		{474B48E1-E549-48E5-9281-D23915C4F477}.Debug|x86.Build.0 = Debug|Any CPU
		{474B48E1-E549-48E5-9281-D23915C4F477}.Release|Any CPU.ActiveCfg = Release|Any CPU
		{474B48E1-E549-48E5-9281-D23915C4F477}.Release|Any CPU.Build.0 = Release|Any CPU
		{474B48E1-E549-48E5-9281-D23915C4F477}.Release|x64.ActiveCfg = Release|Any CPU
		{474B48E1-E549-48E5-9281-D23915C4F477}.Release|x64.Build.0 = Release|Any CPU
		{474B48E1-E549-48E5-9281-D23915C4F477}.Release|x86.ActiveCfg = Release|Any CPU
		{474B48E1-E549-48E5-9281-D23915C4F477}.Release|x86.Build.0 = Release|Any CPU
		{A8A51343-F1DB-4E7D-821E-0CC28E54D029}.Debug|Any CPU.ActiveCfg = Debug|Any CPU
		{A8A51343-F1DB-4E7D-821E-0CC28E54D029}.Debug|Any CPU.Build.0 = Debug|Any CPU
		{A8A51343-F1DB-4E7D-821E-0CC28E54D029}.Debug|x64.ActiveCfg = Debug|Any CPU
		{A8A51343-F1DB-4E7D-821E-0CC28E54D029}.Debug|x64.Build.0 = Debug|Any CPU
		{A8A51343-F1DB-4E7D-821E-0CC28E54D029}.Debug|x86.ActiveCfg = Debug|Any CPU
		{A8A51343-F1DB-4E7D-821E-0CC28E54D029}.Debug|x86.Build.0 = Debug|Any CPU
		{A8A51343-F1DB-4E7D-821E-0CC28E54D029}.Release|Any CPU.ActiveCfg = Release|Any CPU
		{A8A51343-F1DB-4E7D-821E-0CC28E54D029}.Release|Any CPU.Build.0 = Release|Any CPU
		{A8A51343-F1DB-4E7D-821E-0CC28E54D029}.Release|x64.ActiveCfg = Release|Any CPU
		{A8A51343-F1DB-4E7D-821E-0CC28E54D029}.Release|x64.Build.0 = Release|Any CPU
		{A8A51343-F1DB-4E7D-821E-0CC28E54D029}.Release|x86.ActiveCfg = Release|Any CPU
		{A8A51343-F1DB-4E7D-821E-0CC28E54D029}.Release|x86.Build.0 = Release|Any CPU
		{72BA6C74-4753-421F-B244-A6C9DF045E0B}.Debug|Any CPU.ActiveCfg = Debug|Any CPU
		{72BA6C74-4753-421F-B244-A6C9DF045E0B}.Debug|Any CPU.Build.0 = Debug|Any CPU
		{72BA6C74-4753-421F-B244-A6C9DF045E0B}.Debug|x64.ActiveCfg = Debug|Any CPU
		{72BA6C74-4753-421F-B244-A6C9DF045E0B}.Debug|x64.Build.0 = Debug|Any CPU
		{72BA6C74-4753-421F-B244-A6C9DF045E0B}.Debug|x86.ActiveCfg = Debug|Any CPU
		{72BA6C74-4753-421F-B244-A6C9DF045E0B}.Debug|x86.Build.0 = Debug|Any CPU
		{72BA6C74-4753-421F-B244-A6C9DF045E0B}.Release|Any CPU.ActiveCfg = Release|Any CPU
		{72BA6C74-4753-421F-B244-A6C9DF045E0B}.Release|Any CPU.Build.0 = Release|Any CPU
		{72BA6C74-4753-421F-B244-A6C9DF045E0B}.Release|x64.ActiveCfg = Release|Any CPU
		{72BA6C74-4753-421F-B244-A6C9DF045E0B}.Release|x64.Build.0 = Release|Any CPU
		{72BA6C74-4753-421F-B244-A6C9DF045E0B}.Release|x86.ActiveCfg = Release|Any CPU
		{72BA6C74-4753-421F-B244-A6C9DF045E0B}.Release|x86.Build.0 = Release|Any CPU
		{A1AAA5BF-CBC2-4B2A-9609-C5983F7E1030}.Debug|Any CPU.ActiveCfg = Debug|Any CPU
		{A1AAA5BF-CBC2-4B2A-9609-C5983F7E1030}.Debug|Any CPU.Build.0 = Debug|Any CPU
		{A1AAA5BF-CBC2-4B2A-9609-C5983F7E1030}.Debug|x64.ActiveCfg = Debug|Any CPU
		{A1AAA5BF-CBC2-4B2A-9609-C5983F7E1030}.Debug|x64.Build.0 = Debug|Any CPU
		{A1AAA5BF-CBC2-4B2A-9609-C5983F7E1030}.Debug|x86.ActiveCfg = Debug|Any CPU
		{A1AAA5BF-CBC2-4B2A-9609-C5983F7E1030}.Debug|x86.Build.0 = Debug|Any CPU
		{A1AAA5BF-CBC2-4B2A-9609-C5983F7E1030}.Release|Any CPU.ActiveCfg = Release|Any CPU
		{A1AAA5BF-CBC2-4B2A-9609-C5983F7E1030}.Release|Any CPU.Build.0 = Release|Any CPU
		{A1AAA5BF-CBC2-4B2A-9609-C5983F7E1030}.Release|x64.ActiveCfg = Release|Any CPU
		{A1AAA5BF-CBC2-4B2A-9609-C5983F7E1030}.Release|x64.Build.0 = Release|Any CPU
		{A1AAA5BF-CBC2-4B2A-9609-C5983F7E1030}.Release|x86.ActiveCfg = Release|Any CPU
		{A1AAA5BF-CBC2-4B2A-9609-C5983F7E1030}.Release|x86.Build.0 = Release|Any CPU
		{AFAC8841-1FCA-4197-AC26-27C361FE0D05}.Debug|Any CPU.ActiveCfg = Debug|Any CPU
		{AFAC8841-1FCA-4197-AC26-27C361FE0D05}.Debug|Any CPU.Build.0 = Debug|Any CPU
		{AFAC8841-1FCA-4197-AC26-27C361FE0D05}.Debug|x64.ActiveCfg = Debug|Any CPU
		{AFAC8841-1FCA-4197-AC26-27C361FE0D05}.Debug|x64.Build.0 = Debug|Any CPU
		{AFAC8841-1FCA-4197-AC26-27C361FE0D05}.Debug|x86.ActiveCfg = Debug|Any CPU
		{AFAC8841-1FCA-4197-AC26-27C361FE0D05}.Debug|x86.Build.0 = Debug|Any CPU
		{AFAC8841-1FCA-4197-AC26-27C361FE0D05}.Release|Any CPU.ActiveCfg = Release|Any CPU
		{AFAC8841-1FCA-4197-AC26-27C361FE0D05}.Release|Any CPU.Build.0 = Release|Any CPU
		{AFAC8841-1FCA-4197-AC26-27C361FE0D05}.Release|x64.ActiveCfg = Release|Any CPU
		{AFAC8841-1FCA-4197-AC26-27C361FE0D05}.Release|x64.Build.0 = Release|Any CPU
		{AFAC8841-1FCA-4197-AC26-27C361FE0D05}.Release|x86.ActiveCfg = Release|Any CPU
		{AFAC8841-1FCA-4197-AC26-27C361FE0D05}.Release|x86.Build.0 = Release|Any CPU
		{7408E789-1BFA-4B59-BE73-B7EFF5DEE790}.Debug|Any CPU.ActiveCfg = Debug|Any CPU
		{7408E789-1BFA-4B59-BE73-B7EFF5DEE790}.Debug|Any CPU.Build.0 = Debug|Any CPU
		{7408E789-1BFA-4B59-BE73-B7EFF5DEE790}.Debug|x64.ActiveCfg = Debug|Any CPU
		{7408E789-1BFA-4B59-BE73-B7EFF5DEE790}.Debug|x64.Build.0 = Debug|Any CPU
		{7408E789-1BFA-4B59-BE73-B7EFF5DEE790}.Debug|x86.ActiveCfg = Debug|Any CPU
		{7408E789-1BFA-4B59-BE73-B7EFF5DEE790}.Debug|x86.Build.0 = Debug|Any CPU
		{7408E789-1BFA-4B59-BE73-B7EFF5DEE790}.Release|Any CPU.ActiveCfg = Release|Any CPU
		{7408E789-1BFA-4B59-BE73-B7EFF5DEE790}.Release|Any CPU.Build.0 = Release|Any CPU
		{7408E789-1BFA-4B59-BE73-B7EFF5DEE790}.Release|x64.ActiveCfg = Release|Any CPU
		{7408E789-1BFA-4B59-BE73-B7EFF5DEE790}.Release|x64.Build.0 = Release|Any CPU
		{7408E789-1BFA-4B59-BE73-B7EFF5DEE790}.Release|x86.ActiveCfg = Release|Any CPU
		{7408E789-1BFA-4B59-BE73-B7EFF5DEE790}.Release|x86.Build.0 = Release|Any CPU
		{9D2BD83C-747A-4038-88CA-1D4E53F00F60}.Debug|Any CPU.ActiveCfg = Debug|Any CPU
		{9D2BD83C-747A-4038-88CA-1D4E53F00F60}.Debug|Any CPU.Build.0 = Debug|Any CPU
		{9D2BD83C-747A-4038-88CA-1D4E53F00F60}.Debug|x64.ActiveCfg = Debug|Any CPU
		{9D2BD83C-747A-4038-88CA-1D4E53F00F60}.Debug|x64.Build.0 = Debug|Any CPU
		{9D2BD83C-747A-4038-88CA-1D4E53F00F60}.Debug|x86.ActiveCfg = Debug|Any CPU
		{9D2BD83C-747A-4038-88CA-1D4E53F00F60}.Debug|x86.Build.0 = Debug|Any CPU
		{9D2BD83C-747A-4038-88CA-1D4E53F00F60}.Release|Any CPU.ActiveCfg = Release|Any CPU
		{9D2BD83C-747A-4038-88CA-1D4E53F00F60}.Release|Any CPU.Build.0 = Release|Any CPU
		{9D2BD83C-747A-4038-88CA-1D4E53F00F60}.Release|x64.ActiveCfg = Release|Any CPU
		{9D2BD83C-747A-4038-88CA-1D4E53F00F60}.Release|x64.Build.0 = Release|Any CPU
		{9D2BD83C-747A-4038-88CA-1D4E53F00F60}.Release|x86.ActiveCfg = Release|Any CPU
		{9D2BD83C-747A-4038-88CA-1D4E53F00F60}.Release|x86.Build.0 = Release|Any CPU
		{A28F90B1-1274-4377-AE22-D890762C0682}.Debug|Any CPU.ActiveCfg = Debug|Any CPU
		{A28F90B1-1274-4377-AE22-D890762C0682}.Debug|Any CPU.Build.0 = Debug|Any CPU
		{A28F90B1-1274-4377-AE22-D890762C0682}.Debug|x64.ActiveCfg = Debug|Any CPU
		{A28F90B1-1274-4377-AE22-D890762C0682}.Debug|x64.Build.0 = Debug|Any CPU
		{A28F90B1-1274-4377-AE22-D890762C0682}.Debug|x86.ActiveCfg = Debug|Any CPU
		{A28F90B1-1274-4377-AE22-D890762C0682}.Debug|x86.Build.0 = Debug|Any CPU
		{A28F90B1-1274-4377-AE22-D890762C0682}.Release|Any CPU.ActiveCfg = Release|Any CPU
		{A28F90B1-1274-4377-AE22-D890762C0682}.Release|Any CPU.Build.0 = Release|Any CPU
		{A28F90B1-1274-4377-AE22-D890762C0682}.Release|x64.ActiveCfg = Release|Any CPU
		{A28F90B1-1274-4377-AE22-D890762C0682}.Release|x64.Build.0 = Release|Any CPU
		{A28F90B1-1274-4377-AE22-D890762C0682}.Release|x86.ActiveCfg = Release|Any CPU
		{A28F90B1-1274-4377-AE22-D890762C0682}.Release|x86.Build.0 = Release|Any CPU
		{63C3A21B-B165-4847-880C-E8BE9AC27A64}.Debug|Any CPU.ActiveCfg = Debug|Any CPU
		{63C3A21B-B165-4847-880C-E8BE9AC27A64}.Debug|Any CPU.Build.0 = Debug|Any CPU
		{63C3A21B-B165-4847-880C-E8BE9AC27A64}.Debug|x64.ActiveCfg = Debug|Any CPU
		{63C3A21B-B165-4847-880C-E8BE9AC27A64}.Debug|x64.Build.0 = Debug|Any CPU
		{63C3A21B-B165-4847-880C-E8BE9AC27A64}.Debug|x86.ActiveCfg = Debug|Any CPU
		{63C3A21B-B165-4847-880C-E8BE9AC27A64}.Debug|x86.Build.0 = Debug|Any CPU
		{63C3A21B-B165-4847-880C-E8BE9AC27A64}.Release|Any CPU.ActiveCfg = Release|Any CPU
		{63C3A21B-B165-4847-880C-E8BE9AC27A64}.Release|Any CPU.Build.0 = Release|Any CPU
		{63C3A21B-B165-4847-880C-E8BE9AC27A64}.Release|x64.ActiveCfg = Release|Any CPU
		{63C3A21B-B165-4847-880C-E8BE9AC27A64}.Release|x64.Build.0 = Release|Any CPU
		{63C3A21B-B165-4847-880C-E8BE9AC27A64}.Release|x86.ActiveCfg = Release|Any CPU
		{63C3A21B-B165-4847-880C-E8BE9AC27A64}.Release|x86.Build.0 = Release|Any CPU
		{F2B8DBC1-FB0C-4887-B826-9DC94065BC09}.Debug|Any CPU.ActiveCfg = Debug|Any CPU
		{F2B8DBC1-FB0C-4887-B826-9DC94065BC09}.Debug|Any CPU.Build.0 = Debug|Any CPU
		{F2B8DBC1-FB0C-4887-B826-9DC94065BC09}.Debug|x64.ActiveCfg = Debug|Any CPU
		{F2B8DBC1-FB0C-4887-B826-9DC94065BC09}.Debug|x64.Build.0 = Debug|Any CPU
		{F2B8DBC1-FB0C-4887-B826-9DC94065BC09}.Debug|x86.ActiveCfg = Debug|Any CPU
		{F2B8DBC1-FB0C-4887-B826-9DC94065BC09}.Debug|x86.Build.0 = Debug|Any CPU
		{F2B8DBC1-FB0C-4887-B826-9DC94065BC09}.Release|Any CPU.ActiveCfg = Release|Any CPU
		{F2B8DBC1-FB0C-4887-B826-9DC94065BC09}.Release|Any CPU.Build.0 = Release|Any CPU
		{F2B8DBC1-FB0C-4887-B826-9DC94065BC09}.Release|x64.ActiveCfg = Release|Any CPU
		{F2B8DBC1-FB0C-4887-B826-9DC94065BC09}.Release|x64.Build.0 = Release|Any CPU
		{F2B8DBC1-FB0C-4887-B826-9DC94065BC09}.Release|x86.ActiveCfg = Release|Any CPU
		{F2B8DBC1-FB0C-4887-B826-9DC94065BC09}.Release|x86.Build.0 = Release|Any CPU
		{4B6F4D2B-C450-489E-9FCA-F84E1DBDE172}.Debug|Any CPU.ActiveCfg = Debug|Any CPU
		{4B6F4D2B-C450-489E-9FCA-F84E1DBDE172}.Debug|Any CPU.Build.0 = Debug|Any CPU
		{4B6F4D2B-C450-489E-9FCA-F84E1DBDE172}.Debug|x64.ActiveCfg = Debug|Any CPU
		{4B6F4D2B-C450-489E-9FCA-F84E1DBDE172}.Debug|x64.Build.0 = Debug|Any CPU
		{4B6F4D2B-C450-489E-9FCA-F84E1DBDE172}.Debug|x86.ActiveCfg = Debug|Any CPU
		{4B6F4D2B-C450-489E-9FCA-F84E1DBDE172}.Debug|x86.Build.0 = Debug|Any CPU
		{4B6F4D2B-C450-489E-9FCA-F84E1DBDE172}.Release|Any CPU.ActiveCfg = Release|Any CPU
		{4B6F4D2B-C450-489E-9FCA-F84E1DBDE172}.Release|Any CPU.Build.0 = Release|Any CPU
		{4B6F4D2B-C450-489E-9FCA-F84E1DBDE172}.Release|x64.ActiveCfg = Release|Any CPU
		{4B6F4D2B-C450-489E-9FCA-F84E1DBDE172}.Release|x64.Build.0 = Release|Any CPU
		{4B6F4D2B-C450-489E-9FCA-F84E1DBDE172}.Release|x86.ActiveCfg = Release|Any CPU
		{4B6F4D2B-C450-489E-9FCA-F84E1DBDE172}.Release|x86.Build.0 = Release|Any CPU
		{83023268-A50E-4873-B202-21D2906F3EC6}.Debug|Any CPU.ActiveCfg = Debug|Any CPU
		{83023268-A50E-4873-B202-21D2906F3EC6}.Debug|Any CPU.Build.0 = Debug|Any CPU
		{83023268-A50E-4873-B202-21D2906F3EC6}.Debug|x64.ActiveCfg = Debug|Any CPU
		{83023268-A50E-4873-B202-21D2906F3EC6}.Debug|x64.Build.0 = Debug|Any CPU
		{83023268-A50E-4873-B202-21D2906F3EC6}.Debug|x86.ActiveCfg = Debug|Any CPU
		{83023268-A50E-4873-B202-21D2906F3EC6}.Debug|x86.Build.0 = Debug|Any CPU
		{83023268-A50E-4873-B202-21D2906F3EC6}.Release|Any CPU.ActiveCfg = Release|Any CPU
		{83023268-A50E-4873-B202-21D2906F3EC6}.Release|Any CPU.Build.0 = Release|Any CPU
		{83023268-A50E-4873-B202-21D2906F3EC6}.Release|x64.ActiveCfg = Release|Any CPU
		{83023268-A50E-4873-B202-21D2906F3EC6}.Release|x64.Build.0 = Release|Any CPU
		{83023268-A50E-4873-B202-21D2906F3EC6}.Release|x86.ActiveCfg = Release|Any CPU
		{83023268-A50E-4873-B202-21D2906F3EC6}.Release|x86.Build.0 = Release|Any CPU
		{1CD435E5-2DC9-4BAA-B48C-6E4B639304F2}.Debug|Any CPU.ActiveCfg = Debug|Any CPU
		{1CD435E5-2DC9-4BAA-B48C-6E4B639304F2}.Debug|Any CPU.Build.0 = Debug|Any CPU
		{1CD435E5-2DC9-4BAA-B48C-6E4B639304F2}.Debug|x64.ActiveCfg = Debug|Any CPU
		{1CD435E5-2DC9-4BAA-B48C-6E4B639304F2}.Debug|x64.Build.0 = Debug|Any CPU
		{1CD435E5-2DC9-4BAA-B48C-6E4B639304F2}.Debug|x86.ActiveCfg = Debug|Any CPU
		{1CD435E5-2DC9-4BAA-B48C-6E4B639304F2}.Debug|x86.Build.0 = Debug|Any CPU
		{1CD435E5-2DC9-4BAA-B48C-6E4B639304F2}.Release|Any CPU.ActiveCfg = Release|Any CPU
		{1CD435E5-2DC9-4BAA-B48C-6E4B639304F2}.Release|Any CPU.Build.0 = Release|Any CPU
		{1CD435E5-2DC9-4BAA-B48C-6E4B639304F2}.Release|x64.ActiveCfg = Release|Any CPU
		{1CD435E5-2DC9-4BAA-B48C-6E4B639304F2}.Release|x64.Build.0 = Release|Any CPU
		{1CD435E5-2DC9-4BAA-B48C-6E4B639304F2}.Release|x86.ActiveCfg = Release|Any CPU
		{1CD435E5-2DC9-4BAA-B48C-6E4B639304F2}.Release|x86.Build.0 = Release|Any CPU
		{DE1096CA-87A9-47CF-BBEF-DDFDFD7FFB85}.Debug|Any CPU.ActiveCfg = Debug|Any CPU
		{DE1096CA-87A9-47CF-BBEF-DDFDFD7FFB85}.Debug|Any CPU.Build.0 = Debug|Any CPU
		{DE1096CA-87A9-47CF-BBEF-DDFDFD7FFB85}.Debug|x64.ActiveCfg = Debug|Any CPU
		{DE1096CA-87A9-47CF-BBEF-DDFDFD7FFB85}.Debug|x64.Build.0 = Debug|Any CPU
		{DE1096CA-87A9-47CF-BBEF-DDFDFD7FFB85}.Debug|x86.ActiveCfg = Debug|Any CPU
		{DE1096CA-87A9-47CF-BBEF-DDFDFD7FFB85}.Debug|x86.Build.0 = Debug|Any CPU
		{DE1096CA-87A9-47CF-BBEF-DDFDFD7FFB85}.Release|Any CPU.ActiveCfg = Release|Any CPU
		{DE1096CA-87A9-47CF-BBEF-DDFDFD7FFB85}.Release|Any CPU.Build.0 = Release|Any CPU
		{DE1096CA-87A9-47CF-BBEF-DDFDFD7FFB85}.Release|x64.ActiveCfg = Release|Any CPU
		{DE1096CA-87A9-47CF-BBEF-DDFDFD7FFB85}.Release|x64.Build.0 = Release|Any CPU
		{DE1096CA-87A9-47CF-BBEF-DDFDFD7FFB85}.Release|x86.ActiveCfg = Release|Any CPU
		{DE1096CA-87A9-47CF-BBEF-DDFDFD7FFB85}.Release|x86.Build.0 = Release|Any CPU
		{62A8C08C-A276-4977-ACBB-8CD8A2D778DB}.Debug|Any CPU.ActiveCfg = Debug|Any CPU
		{62A8C08C-A276-4977-ACBB-8CD8A2D778DB}.Debug|Any CPU.Build.0 = Debug|Any CPU
		{62A8C08C-A276-4977-ACBB-8CD8A2D778DB}.Debug|x64.ActiveCfg = Debug|Any CPU
		{62A8C08C-A276-4977-ACBB-8CD8A2D778DB}.Debug|x64.Build.0 = Debug|Any CPU
		{62A8C08C-A276-4977-ACBB-8CD8A2D778DB}.Debug|x86.ActiveCfg = Debug|Any CPU
		{62A8C08C-A276-4977-ACBB-8CD8A2D778DB}.Debug|x86.Build.0 = Debug|Any CPU
		{62A8C08C-A276-4977-ACBB-8CD8A2D778DB}.Release|Any CPU.ActiveCfg = Release|Any CPU
		{62A8C08C-A276-4977-ACBB-8CD8A2D778DB}.Release|Any CPU.Build.0 = Release|Any CPU
		{62A8C08C-A276-4977-ACBB-8CD8A2D778DB}.Release|x64.ActiveCfg = Release|Any CPU
		{62A8C08C-A276-4977-ACBB-8CD8A2D778DB}.Release|x64.Build.0 = Release|Any CPU
		{62A8C08C-A276-4977-ACBB-8CD8A2D778DB}.Release|x86.ActiveCfg = Release|Any CPU
		{62A8C08C-A276-4977-ACBB-8CD8A2D778DB}.Release|x86.Build.0 = Release|Any CPU
		{3DA7A749-F395-4CEA-B9DF-99F93036802B}.Debug|Any CPU.ActiveCfg = Debug|Any CPU
		{3DA7A749-F395-4CEA-B9DF-99F93036802B}.Debug|Any CPU.Build.0 = Debug|Any CPU
		{3DA7A749-F395-4CEA-B9DF-99F93036802B}.Debug|x64.ActiveCfg = Debug|Any CPU
		{3DA7A749-F395-4CEA-B9DF-99F93036802B}.Debug|x64.Build.0 = Debug|Any CPU
		{3DA7A749-F395-4CEA-B9DF-99F93036802B}.Debug|x86.ActiveCfg = Debug|Any CPU
		{3DA7A749-F395-4CEA-B9DF-99F93036802B}.Debug|x86.Build.0 = Debug|Any CPU
		{3DA7A749-F395-4CEA-B9DF-99F93036802B}.Release|Any CPU.ActiveCfg = Release|Any CPU
		{3DA7A749-F395-4CEA-B9DF-99F93036802B}.Release|Any CPU.Build.0 = Release|Any CPU
		{3DA7A749-F395-4CEA-B9DF-99F93036802B}.Release|x64.ActiveCfg = Release|Any CPU
		{3DA7A749-F395-4CEA-B9DF-99F93036802B}.Release|x64.Build.0 = Release|Any CPU
		{3DA7A749-F395-4CEA-B9DF-99F93036802B}.Release|x86.ActiveCfg = Release|Any CPU
		{3DA7A749-F395-4CEA-B9DF-99F93036802B}.Release|x86.Build.0 = Release|Any CPU
		{F57C494C-1AF1-417D-A9F4-9529825A5455}.Debug|Any CPU.ActiveCfg = Debug|Any CPU
		{F57C494C-1AF1-417D-A9F4-9529825A5455}.Debug|Any CPU.Build.0 = Debug|Any CPU
		{F57C494C-1AF1-417D-A9F4-9529825A5455}.Debug|x64.ActiveCfg = Debug|Any CPU
		{F57C494C-1AF1-417D-A9F4-9529825A5455}.Debug|x64.Build.0 = Debug|Any CPU
		{F57C494C-1AF1-417D-A9F4-9529825A5455}.Debug|x86.ActiveCfg = Debug|Any CPU
		{F57C494C-1AF1-417D-A9F4-9529825A5455}.Debug|x86.Build.0 = Debug|Any CPU
		{F57C494C-1AF1-417D-A9F4-9529825A5455}.Release|Any CPU.ActiveCfg = Release|Any CPU
		{F57C494C-1AF1-417D-A9F4-9529825A5455}.Release|Any CPU.Build.0 = Release|Any CPU
		{F57C494C-1AF1-417D-A9F4-9529825A5455}.Release|x64.ActiveCfg = Release|Any CPU
		{F57C494C-1AF1-417D-A9F4-9529825A5455}.Release|x64.Build.0 = Release|Any CPU
		{F57C494C-1AF1-417D-A9F4-9529825A5455}.Release|x86.ActiveCfg = Release|Any CPU
		{F57C494C-1AF1-417D-A9F4-9529825A5455}.Release|x86.Build.0 = Release|Any CPU
		{34DF1EA1-BDA9-4554-80B1-6E2F68CF2363}.Debug|Any CPU.ActiveCfg = Debug|Any CPU
		{34DF1EA1-BDA9-4554-80B1-6E2F68CF2363}.Debug|Any CPU.Build.0 = Debug|Any CPU
		{34DF1EA1-BDA9-4554-80B1-6E2F68CF2363}.Debug|x64.ActiveCfg = Debug|Any CPU
		{34DF1EA1-BDA9-4554-80B1-6E2F68CF2363}.Debug|x64.Build.0 = Debug|Any CPU
		{34DF1EA1-BDA9-4554-80B1-6E2F68CF2363}.Debug|x86.ActiveCfg = Debug|Any CPU
		{34DF1EA1-BDA9-4554-80B1-6E2F68CF2363}.Debug|x86.Build.0 = Debug|Any CPU
		{34DF1EA1-BDA9-4554-80B1-6E2F68CF2363}.Release|Any CPU.ActiveCfg = Release|Any CPU
		{34DF1EA1-BDA9-4554-80B1-6E2F68CF2363}.Release|Any CPU.Build.0 = Release|Any CPU
		{34DF1EA1-BDA9-4554-80B1-6E2F68CF2363}.Release|x64.ActiveCfg = Release|Any CPU
		{34DF1EA1-BDA9-4554-80B1-6E2F68CF2363}.Release|x64.Build.0 = Release|Any CPU
		{34DF1EA1-BDA9-4554-80B1-6E2F68CF2363}.Release|x86.ActiveCfg = Release|Any CPU
		{34DF1EA1-BDA9-4554-80B1-6E2F68CF2363}.Release|x86.Build.0 = Release|Any CPU
		{33CF5A19-CCE2-4C54-ADF2-9A4BCFBADB0F}.Debug|Any CPU.ActiveCfg = Debug|Any CPU
		{33CF5A19-CCE2-4C54-ADF2-9A4BCFBADB0F}.Debug|Any CPU.Build.0 = Debug|Any CPU
		{33CF5A19-CCE2-4C54-ADF2-9A4BCFBADB0F}.Debug|x64.ActiveCfg = Debug|Any CPU
		{33CF5A19-CCE2-4C54-ADF2-9A4BCFBADB0F}.Debug|x64.Build.0 = Debug|Any CPU
		{33CF5A19-CCE2-4C54-ADF2-9A4BCFBADB0F}.Debug|x86.ActiveCfg = Debug|Any CPU
		{33CF5A19-CCE2-4C54-ADF2-9A4BCFBADB0F}.Debug|x86.Build.0 = Debug|Any CPU
		{33CF5A19-CCE2-4C54-ADF2-9A4BCFBADB0F}.Release|Any CPU.ActiveCfg = Release|Any CPU
		{33CF5A19-CCE2-4C54-ADF2-9A4BCFBADB0F}.Release|Any CPU.Build.0 = Release|Any CPU
		{33CF5A19-CCE2-4C54-ADF2-9A4BCFBADB0F}.Release|x64.ActiveCfg = Release|Any CPU
		{33CF5A19-CCE2-4C54-ADF2-9A4BCFBADB0F}.Release|x64.Build.0 = Release|Any CPU
		{33CF5A19-CCE2-4C54-ADF2-9A4BCFBADB0F}.Release|x86.ActiveCfg = Release|Any CPU
		{33CF5A19-CCE2-4C54-ADF2-9A4BCFBADB0F}.Release|x86.Build.0 = Release|Any CPU
		{B7743801-226E-41F1-8A84-BC01F20C9529}.Debug|Any CPU.ActiveCfg = Debug|Any CPU
		{B7743801-226E-41F1-8A84-BC01F20C9529}.Debug|Any CPU.Build.0 = Debug|Any CPU
		{B7743801-226E-41F1-8A84-BC01F20C9529}.Debug|x64.ActiveCfg = Debug|Any CPU
		{B7743801-226E-41F1-8A84-BC01F20C9529}.Debug|x64.Build.0 = Debug|Any CPU
		{B7743801-226E-41F1-8A84-BC01F20C9529}.Debug|x86.ActiveCfg = Debug|Any CPU
		{B7743801-226E-41F1-8A84-BC01F20C9529}.Debug|x86.Build.0 = Debug|Any CPU
		{B7743801-226E-41F1-8A84-BC01F20C9529}.Release|Any CPU.ActiveCfg = Release|Any CPU
		{B7743801-226E-41F1-8A84-BC01F20C9529}.Release|Any CPU.Build.0 = Release|Any CPU
		{B7743801-226E-41F1-8A84-BC01F20C9529}.Release|x64.ActiveCfg = Release|Any CPU
		{B7743801-226E-41F1-8A84-BC01F20C9529}.Release|x64.Build.0 = Release|Any CPU
		{B7743801-226E-41F1-8A84-BC01F20C9529}.Release|x86.ActiveCfg = Release|Any CPU
		{B7743801-226E-41F1-8A84-BC01F20C9529}.Release|x86.Build.0 = Release|Any CPU
		{019A0327-3678-4DC1-A073-05E462CBCD74}.Debug|Any CPU.ActiveCfg = Debug|Any CPU
		{019A0327-3678-4DC1-A073-05E462CBCD74}.Debug|Any CPU.Build.0 = Debug|Any CPU
		{019A0327-3678-4DC1-A073-05E462CBCD74}.Debug|x64.ActiveCfg = Debug|Any CPU
		{019A0327-3678-4DC1-A073-05E462CBCD74}.Debug|x64.Build.0 = Debug|Any CPU
		{019A0327-3678-4DC1-A073-05E462CBCD74}.Debug|x86.ActiveCfg = Debug|Any CPU
		{019A0327-3678-4DC1-A073-05E462CBCD74}.Debug|x86.Build.0 = Debug|Any CPU
		{019A0327-3678-4DC1-A073-05E462CBCD74}.Release|Any CPU.ActiveCfg = Release|Any CPU
		{019A0327-3678-4DC1-A073-05E462CBCD74}.Release|Any CPU.Build.0 = Release|Any CPU
		{019A0327-3678-4DC1-A073-05E462CBCD74}.Release|x64.ActiveCfg = Release|Any CPU
		{019A0327-3678-4DC1-A073-05E462CBCD74}.Release|x64.Build.0 = Release|Any CPU
		{019A0327-3678-4DC1-A073-05E462CBCD74}.Release|x86.ActiveCfg = Release|Any CPU
		{019A0327-3678-4DC1-A073-05E462CBCD74}.Release|x86.Build.0 = Release|Any CPU
		{35394FFC-070D-4248-8E37-12A3825C67C1}.Debug|Any CPU.ActiveCfg = Debug|Any CPU
		{35394FFC-070D-4248-8E37-12A3825C67C1}.Debug|Any CPU.Build.0 = Debug|Any CPU
		{35394FFC-070D-4248-8E37-12A3825C67C1}.Debug|x64.ActiveCfg = Debug|Any CPU
		{35394FFC-070D-4248-8E37-12A3825C67C1}.Debug|x64.Build.0 = Debug|Any CPU
		{35394FFC-070D-4248-8E37-12A3825C67C1}.Debug|x86.ActiveCfg = Debug|Any CPU
		{35394FFC-070D-4248-8E37-12A3825C67C1}.Debug|x86.Build.0 = Debug|Any CPU
		{35394FFC-070D-4248-8E37-12A3825C67C1}.Release|Any CPU.ActiveCfg = Release|Any CPU
		{35394FFC-070D-4248-8E37-12A3825C67C1}.Release|Any CPU.Build.0 = Release|Any CPU
		{35394FFC-070D-4248-8E37-12A3825C67C1}.Release|x64.ActiveCfg = Release|Any CPU
		{35394FFC-070D-4248-8E37-12A3825C67C1}.Release|x64.Build.0 = Release|Any CPU
		{35394FFC-070D-4248-8E37-12A3825C67C1}.Release|x86.ActiveCfg = Release|Any CPU
		{35394FFC-070D-4248-8E37-12A3825C67C1}.Release|x86.Build.0 = Release|Any CPU
		{5992B040-33D1-4ADB-A41C-84D269BE6596}.Debug|Any CPU.ActiveCfg = Debug|Any CPU
		{5992B040-33D1-4ADB-A41C-84D269BE6596}.Debug|Any CPU.Build.0 = Debug|Any CPU
		{5992B040-33D1-4ADB-A41C-84D269BE6596}.Debug|x64.ActiveCfg = Debug|Any CPU
		{5992B040-33D1-4ADB-A41C-84D269BE6596}.Debug|x64.Build.0 = Debug|Any CPU
		{5992B040-33D1-4ADB-A41C-84D269BE6596}.Debug|x86.ActiveCfg = Debug|Any CPU
		{5992B040-33D1-4ADB-A41C-84D269BE6596}.Debug|x86.Build.0 = Debug|Any CPU
		{5992B040-33D1-4ADB-A41C-84D269BE6596}.Release|Any CPU.ActiveCfg = Release|Any CPU
		{5992B040-33D1-4ADB-A41C-84D269BE6596}.Release|Any CPU.Build.0 = Release|Any CPU
		{5992B040-33D1-4ADB-A41C-84D269BE6596}.Release|x64.ActiveCfg = Release|Any CPU
		{5992B040-33D1-4ADB-A41C-84D269BE6596}.Release|x64.Build.0 = Release|Any CPU
		{5992B040-33D1-4ADB-A41C-84D269BE6596}.Release|x86.ActiveCfg = Release|Any CPU
		{5992B040-33D1-4ADB-A41C-84D269BE6596}.Release|x86.Build.0 = Release|Any CPU
		{C52F6BE5-FAC0-4F30-874E-0FF6F8D2ABAC}.Debug|Any CPU.ActiveCfg = Debug|Any CPU
		{C52F6BE5-FAC0-4F30-874E-0FF6F8D2ABAC}.Debug|Any CPU.Build.0 = Debug|Any CPU
		{C52F6BE5-FAC0-4F30-874E-0FF6F8D2ABAC}.Debug|x64.ActiveCfg = Debug|Any CPU
		{C52F6BE5-FAC0-4F30-874E-0FF6F8D2ABAC}.Debug|x64.Build.0 = Debug|Any CPU
		{C52F6BE5-FAC0-4F30-874E-0FF6F8D2ABAC}.Debug|x86.ActiveCfg = Debug|Any CPU
		{C52F6BE5-FAC0-4F30-874E-0FF6F8D2ABAC}.Debug|x86.Build.0 = Debug|Any CPU
		{C52F6BE5-FAC0-4F30-874E-0FF6F8D2ABAC}.Release|Any CPU.ActiveCfg = Release|Any CPU
		{C52F6BE5-FAC0-4F30-874E-0FF6F8D2ABAC}.Release|Any CPU.Build.0 = Release|Any CPU
		{C52F6BE5-FAC0-4F30-874E-0FF6F8D2ABAC}.Release|x64.ActiveCfg = Release|Any CPU
		{C52F6BE5-FAC0-4F30-874E-0FF6F8D2ABAC}.Release|x64.Build.0 = Release|Any CPU
		{C52F6BE5-FAC0-4F30-874E-0FF6F8D2ABAC}.Release|x86.ActiveCfg = Release|Any CPU
		{C52F6BE5-FAC0-4F30-874E-0FF6F8D2ABAC}.Release|x86.Build.0 = Release|Any CPU
		{74969167-093B-466C-BE45-5A560E6789F6}.Debug|Any CPU.ActiveCfg = Debug|Any CPU
		{74969167-093B-466C-BE45-5A560E6789F6}.Debug|Any CPU.Build.0 = Debug|Any CPU
		{74969167-093B-466C-BE45-5A560E6789F6}.Debug|x64.ActiveCfg = Debug|Any CPU
		{74969167-093B-466C-BE45-5A560E6789F6}.Debug|x64.Build.0 = Debug|Any CPU
		{74969167-093B-466C-BE45-5A560E6789F6}.Debug|x86.ActiveCfg = Debug|Any CPU
		{74969167-093B-466C-BE45-5A560E6789F6}.Debug|x86.Build.0 = Debug|Any CPU
		{74969167-093B-466C-BE45-5A560E6789F6}.Release|Any CPU.ActiveCfg = Release|Any CPU
		{74969167-093B-466C-BE45-5A560E6789F6}.Release|Any CPU.Build.0 = Release|Any CPU
		{74969167-093B-466C-BE45-5A560E6789F6}.Release|x64.ActiveCfg = Release|Any CPU
		{74969167-093B-466C-BE45-5A560E6789F6}.Release|x64.Build.0 = Release|Any CPU
		{74969167-093B-466C-BE45-5A560E6789F6}.Release|x86.ActiveCfg = Release|Any CPU
		{74969167-093B-466C-BE45-5A560E6789F6}.Release|x86.Build.0 = Release|Any CPU
		{FCD50A63-9ABD-49E3-BB31-C86CE2CC3CD0}.Debug|Any CPU.ActiveCfg = Debug|Any CPU
		{FCD50A63-9ABD-49E3-BB31-C86CE2CC3CD0}.Debug|Any CPU.Build.0 = Debug|Any CPU
		{FCD50A63-9ABD-49E3-BB31-C86CE2CC3CD0}.Debug|x64.ActiveCfg = Debug|Any CPU
		{FCD50A63-9ABD-49E3-BB31-C86CE2CC3CD0}.Debug|x64.Build.0 = Debug|Any CPU
		{FCD50A63-9ABD-49E3-BB31-C86CE2CC3CD0}.Debug|x86.ActiveCfg = Debug|Any CPU
		{FCD50A63-9ABD-49E3-BB31-C86CE2CC3CD0}.Debug|x86.Build.0 = Debug|Any CPU
		{FCD50A63-9ABD-49E3-BB31-C86CE2CC3CD0}.Release|Any CPU.ActiveCfg = Release|Any CPU
		{FCD50A63-9ABD-49E3-BB31-C86CE2CC3CD0}.Release|Any CPU.Build.0 = Release|Any CPU
		{FCD50A63-9ABD-49E3-BB31-C86CE2CC3CD0}.Release|x64.ActiveCfg = Release|Any CPU
		{FCD50A63-9ABD-49E3-BB31-C86CE2CC3CD0}.Release|x64.Build.0 = Release|Any CPU
		{FCD50A63-9ABD-49E3-BB31-C86CE2CC3CD0}.Release|x86.ActiveCfg = Release|Any CPU
		{FCD50A63-9ABD-49E3-BB31-C86CE2CC3CD0}.Release|x86.Build.0 = Release|Any CPU
		{BF46334A-86F4-458D-98B5-91D96883F14A}.Debug|Any CPU.ActiveCfg = Debug|Any CPU
		{BF46334A-86F4-458D-98B5-91D96883F14A}.Debug|Any CPU.Build.0 = Debug|Any CPU
		{BF46334A-86F4-458D-98B5-91D96883F14A}.Debug|x64.ActiveCfg = Debug|Any CPU
		{BF46334A-86F4-458D-98B5-91D96883F14A}.Debug|x64.Build.0 = Debug|Any CPU
		{BF46334A-86F4-458D-98B5-91D96883F14A}.Debug|x86.ActiveCfg = Debug|Any CPU
		{BF46334A-86F4-458D-98B5-91D96883F14A}.Debug|x86.Build.0 = Debug|Any CPU
		{BF46334A-86F4-458D-98B5-91D96883F14A}.Release|Any CPU.ActiveCfg = Release|Any CPU
		{BF46334A-86F4-458D-98B5-91D96883F14A}.Release|Any CPU.Build.0 = Release|Any CPU
		{BF46334A-86F4-458D-98B5-91D96883F14A}.Release|x64.ActiveCfg = Release|Any CPU
		{BF46334A-86F4-458D-98B5-91D96883F14A}.Release|x64.Build.0 = Release|Any CPU
		{BF46334A-86F4-458D-98B5-91D96883F14A}.Release|x86.ActiveCfg = Release|Any CPU
		{BF46334A-86F4-458D-98B5-91D96883F14A}.Release|x86.Build.0 = Release|Any CPU
		{7034F266-8DB2-433D-BAD6-4139AECCFCEE}.Debug|Any CPU.ActiveCfg = Debug|Any CPU
		{7034F266-8DB2-433D-BAD6-4139AECCFCEE}.Debug|Any CPU.Build.0 = Debug|Any CPU
		{7034F266-8DB2-433D-BAD6-4139AECCFCEE}.Debug|x64.ActiveCfg = Debug|Any CPU
		{7034F266-8DB2-433D-BAD6-4139AECCFCEE}.Debug|x64.Build.0 = Debug|Any CPU
		{7034F266-8DB2-433D-BAD6-4139AECCFCEE}.Debug|x86.ActiveCfg = Debug|Any CPU
		{7034F266-8DB2-433D-BAD6-4139AECCFCEE}.Debug|x86.Build.0 = Debug|Any CPU
		{7034F266-8DB2-433D-BAD6-4139AECCFCEE}.Release|Any CPU.ActiveCfg = Release|Any CPU
		{7034F266-8DB2-433D-BAD6-4139AECCFCEE}.Release|Any CPU.Build.0 = Release|Any CPU
		{7034F266-8DB2-433D-BAD6-4139AECCFCEE}.Release|x64.ActiveCfg = Release|Any CPU
		{7034F266-8DB2-433D-BAD6-4139AECCFCEE}.Release|x64.Build.0 = Release|Any CPU
		{7034F266-8DB2-433D-BAD6-4139AECCFCEE}.Release|x86.ActiveCfg = Release|Any CPU
		{7034F266-8DB2-433D-BAD6-4139AECCFCEE}.Release|x86.Build.0 = Release|Any CPU
		{2D8E3C97-3C1D-42BD-9A21-3D3F8CCBA669}.Debug|Any CPU.ActiveCfg = Debug|Any CPU
		{2D8E3C97-3C1D-42BD-9A21-3D3F8CCBA669}.Debug|Any CPU.Build.0 = Debug|Any CPU
		{2D8E3C97-3C1D-42BD-9A21-3D3F8CCBA669}.Debug|x64.ActiveCfg = Debug|Any CPU
		{2D8E3C97-3C1D-42BD-9A21-3D3F8CCBA669}.Debug|x64.Build.0 = Debug|Any CPU
		{2D8E3C97-3C1D-42BD-9A21-3D3F8CCBA669}.Debug|x86.ActiveCfg = Debug|Any CPU
		{2D8E3C97-3C1D-42BD-9A21-3D3F8CCBA669}.Debug|x86.Build.0 = Debug|Any CPU
		{2D8E3C97-3C1D-42BD-9A21-3D3F8CCBA669}.Release|Any CPU.ActiveCfg = Release|Any CPU
		{2D8E3C97-3C1D-42BD-9A21-3D3F8CCBA669}.Release|Any CPU.Build.0 = Release|Any CPU
		{2D8E3C97-3C1D-42BD-9A21-3D3F8CCBA669}.Release|x64.ActiveCfg = Release|Any CPU
		{2D8E3C97-3C1D-42BD-9A21-3D3F8CCBA669}.Release|x64.Build.0 = Release|Any CPU
		{2D8E3C97-3C1D-42BD-9A21-3D3F8CCBA669}.Release|x86.ActiveCfg = Release|Any CPU
		{2D8E3C97-3C1D-42BD-9A21-3D3F8CCBA669}.Release|x86.Build.0 = Release|Any CPU
		{29577536-F13B-4F1E-9D77-3E70FB9EEE3C}.Debug|Any CPU.ActiveCfg = Debug|Any CPU
		{29577536-F13B-4F1E-9D77-3E70FB9EEE3C}.Debug|Any CPU.Build.0 = Debug|Any CPU
		{29577536-F13B-4F1E-9D77-3E70FB9EEE3C}.Debug|x64.ActiveCfg = Debug|Any CPU
		{29577536-F13B-4F1E-9D77-3E70FB9EEE3C}.Debug|x64.Build.0 = Debug|Any CPU
		{29577536-F13B-4F1E-9D77-3E70FB9EEE3C}.Debug|x86.ActiveCfg = Debug|Any CPU
		{29577536-F13B-4F1E-9D77-3E70FB9EEE3C}.Debug|x86.Build.0 = Debug|Any CPU
		{29577536-F13B-4F1E-9D77-3E70FB9EEE3C}.Release|Any CPU.ActiveCfg = Release|Any CPU
		{29577536-F13B-4F1E-9D77-3E70FB9EEE3C}.Release|Any CPU.Build.0 = Release|Any CPU
		{29577536-F13B-4F1E-9D77-3E70FB9EEE3C}.Release|x64.ActiveCfg = Release|Any CPU
		{29577536-F13B-4F1E-9D77-3E70FB9EEE3C}.Release|x64.Build.0 = Release|Any CPU
		{29577536-F13B-4F1E-9D77-3E70FB9EEE3C}.Release|x86.ActiveCfg = Release|Any CPU
		{29577536-F13B-4F1E-9D77-3E70FB9EEE3C}.Release|x86.Build.0 = Release|Any CPU
		{B274988E-E229-407D-8553-0D45848CF084}.Debug|Any CPU.ActiveCfg = Debug|Any CPU
		{B274988E-E229-407D-8553-0D45848CF084}.Debug|Any CPU.Build.0 = Debug|Any CPU
		{B274988E-E229-407D-8553-0D45848CF084}.Debug|x64.ActiveCfg = Debug|Any CPU
		{B274988E-E229-407D-8553-0D45848CF084}.Debug|x64.Build.0 = Debug|Any CPU
		{B274988E-E229-407D-8553-0D45848CF084}.Debug|x86.ActiveCfg = Debug|Any CPU
		{B274988E-E229-407D-8553-0D45848CF084}.Debug|x86.Build.0 = Debug|Any CPU
		{B274988E-E229-407D-8553-0D45848CF084}.Release|Any CPU.ActiveCfg = Release|Any CPU
		{B274988E-E229-407D-8553-0D45848CF084}.Release|Any CPU.Build.0 = Release|Any CPU
		{B274988E-E229-407D-8553-0D45848CF084}.Release|x64.ActiveCfg = Release|Any CPU
		{B274988E-E229-407D-8553-0D45848CF084}.Release|x64.Build.0 = Release|Any CPU
		{B274988E-E229-407D-8553-0D45848CF084}.Release|x86.ActiveCfg = Release|Any CPU
		{B274988E-E229-407D-8553-0D45848CF084}.Release|x86.Build.0 = Release|Any CPU
		{1768F81B-1FF7-4CAF-B4AE-4F71C6A66437}.Debug|Any CPU.ActiveCfg = Debug|Any CPU
		{1768F81B-1FF7-4CAF-B4AE-4F71C6A66437}.Debug|Any CPU.Build.0 = Debug|Any CPU
		{1768F81B-1FF7-4CAF-B4AE-4F71C6A66437}.Debug|x64.ActiveCfg = Debug|Any CPU
		{1768F81B-1FF7-4CAF-B4AE-4F71C6A66437}.Debug|x64.Build.0 = Debug|Any CPU
		{1768F81B-1FF7-4CAF-B4AE-4F71C6A66437}.Debug|x86.ActiveCfg = Debug|Any CPU
		{1768F81B-1FF7-4CAF-B4AE-4F71C6A66437}.Debug|x86.Build.0 = Debug|Any CPU
		{1768F81B-1FF7-4CAF-B4AE-4F71C6A66437}.Release|Any CPU.ActiveCfg = Release|Any CPU
		{1768F81B-1FF7-4CAF-B4AE-4F71C6A66437}.Release|Any CPU.Build.0 = Release|Any CPU
		{1768F81B-1FF7-4CAF-B4AE-4F71C6A66437}.Release|x64.ActiveCfg = Release|Any CPU
		{1768F81B-1FF7-4CAF-B4AE-4F71C6A66437}.Release|x64.Build.0 = Release|Any CPU
		{1768F81B-1FF7-4CAF-B4AE-4F71C6A66437}.Release|x86.ActiveCfg = Release|Any CPU
		{1768F81B-1FF7-4CAF-B4AE-4F71C6A66437}.Release|x86.Build.0 = Release|Any CPU
		{FB86070B-F4F7-4BED-983D-0FE756EF46D3}.Debug|Any CPU.ActiveCfg = Debug|Any CPU
		{FB86070B-F4F7-4BED-983D-0FE756EF46D3}.Debug|Any CPU.Build.0 = Debug|Any CPU
		{FB86070B-F4F7-4BED-983D-0FE756EF46D3}.Debug|x64.ActiveCfg = Debug|Any CPU
		{FB86070B-F4F7-4BED-983D-0FE756EF46D3}.Debug|x64.Build.0 = Debug|Any CPU
		{FB86070B-F4F7-4BED-983D-0FE756EF46D3}.Debug|x86.ActiveCfg = Debug|Any CPU
		{FB86070B-F4F7-4BED-983D-0FE756EF46D3}.Debug|x86.Build.0 = Debug|Any CPU
		{FB86070B-F4F7-4BED-983D-0FE756EF46D3}.Release|Any CPU.ActiveCfg = Release|Any CPU
		{FB86070B-F4F7-4BED-983D-0FE756EF46D3}.Release|Any CPU.Build.0 = Release|Any CPU
		{FB86070B-F4F7-4BED-983D-0FE756EF46D3}.Release|x64.ActiveCfg = Release|Any CPU
		{FB86070B-F4F7-4BED-983D-0FE756EF46D3}.Release|x64.Build.0 = Release|Any CPU
		{FB86070B-F4F7-4BED-983D-0FE756EF46D3}.Release|x86.ActiveCfg = Release|Any CPU
		{FB86070B-F4F7-4BED-983D-0FE756EF46D3}.Release|x86.Build.0 = Release|Any CPU
		{97D381FC-3C13-4603-8C74-569F6A53A2F7}.Debug|Any CPU.ActiveCfg = Debug|Any CPU
		{97D381FC-3C13-4603-8C74-569F6A53A2F7}.Debug|Any CPU.Build.0 = Debug|Any CPU
		{97D381FC-3C13-4603-8C74-569F6A53A2F7}.Debug|x64.ActiveCfg = Debug|Any CPU
		{97D381FC-3C13-4603-8C74-569F6A53A2F7}.Debug|x64.Build.0 = Debug|Any CPU
		{97D381FC-3C13-4603-8C74-569F6A53A2F7}.Debug|x86.ActiveCfg = Debug|Any CPU
		{97D381FC-3C13-4603-8C74-569F6A53A2F7}.Debug|x86.Build.0 = Debug|Any CPU
		{97D381FC-3C13-4603-8C74-569F6A53A2F7}.Release|Any CPU.ActiveCfg = Release|Any CPU
		{97D381FC-3C13-4603-8C74-569F6A53A2F7}.Release|Any CPU.Build.0 = Release|Any CPU
		{97D381FC-3C13-4603-8C74-569F6A53A2F7}.Release|x64.ActiveCfg = Release|Any CPU
		{97D381FC-3C13-4603-8C74-569F6A53A2F7}.Release|x64.Build.0 = Release|Any CPU
		{97D381FC-3C13-4603-8C74-569F6A53A2F7}.Release|x86.ActiveCfg = Release|Any CPU
		{97D381FC-3C13-4603-8C74-569F6A53A2F7}.Release|x86.Build.0 = Release|Any CPU
		{7BF0DBDC-2660-4060-9F2B-2A6FF0D57EE7}.Debug|Any CPU.ActiveCfg = Debug|Any CPU
		{7BF0DBDC-2660-4060-9F2B-2A6FF0D57EE7}.Debug|Any CPU.Build.0 = Debug|Any CPU
		{7BF0DBDC-2660-4060-9F2B-2A6FF0D57EE7}.Debug|x64.ActiveCfg = Debug|Any CPU
		{7BF0DBDC-2660-4060-9F2B-2A6FF0D57EE7}.Debug|x64.Build.0 = Debug|Any CPU
		{7BF0DBDC-2660-4060-9F2B-2A6FF0D57EE7}.Debug|x86.ActiveCfg = Debug|Any CPU
		{7BF0DBDC-2660-4060-9F2B-2A6FF0D57EE7}.Debug|x86.Build.0 = Debug|Any CPU
		{7BF0DBDC-2660-4060-9F2B-2A6FF0D57EE7}.Release|Any CPU.ActiveCfg = Release|Any CPU
		{7BF0DBDC-2660-4060-9F2B-2A6FF0D57EE7}.Release|Any CPU.Build.0 = Release|Any CPU
		{7BF0DBDC-2660-4060-9F2B-2A6FF0D57EE7}.Release|x64.ActiveCfg = Release|Any CPU
		{7BF0DBDC-2660-4060-9F2B-2A6FF0D57EE7}.Release|x64.Build.0 = Release|Any CPU
		{7BF0DBDC-2660-4060-9F2B-2A6FF0D57EE7}.Release|x86.ActiveCfg = Release|Any CPU
		{7BF0DBDC-2660-4060-9F2B-2A6FF0D57EE7}.Release|x86.Build.0 = Release|Any CPU
		{2C60E133-4D73-40F5-8828-780363E6C540}.Debug|Any CPU.ActiveCfg = Debug|Any CPU
		{2C60E133-4D73-40F5-8828-780363E6C540}.Debug|Any CPU.Build.0 = Debug|Any CPU
		{2C60E133-4D73-40F5-8828-780363E6C540}.Debug|x64.ActiveCfg = Debug|Any CPU
		{2C60E133-4D73-40F5-8828-780363E6C540}.Debug|x64.Build.0 = Debug|Any CPU
		{2C60E133-4D73-40F5-8828-780363E6C540}.Debug|x86.ActiveCfg = Debug|Any CPU
		{2C60E133-4D73-40F5-8828-780363E6C540}.Debug|x86.Build.0 = Debug|Any CPU
		{2C60E133-4D73-40F5-8828-780363E6C540}.Release|Any CPU.ActiveCfg = Release|Any CPU
		{2C60E133-4D73-40F5-8828-780363E6C540}.Release|Any CPU.Build.0 = Release|Any CPU
		{2C60E133-4D73-40F5-8828-780363E6C540}.Release|x64.ActiveCfg = Release|Any CPU
		{2C60E133-4D73-40F5-8828-780363E6C540}.Release|x64.Build.0 = Release|Any CPU
		{2C60E133-4D73-40F5-8828-780363E6C540}.Release|x86.ActiveCfg = Release|Any CPU
		{2C60E133-4D73-40F5-8828-780363E6C540}.Release|x86.Build.0 = Release|Any CPU
		{BAE83F82-7CF6-423E-99C2-C693C9054B5C}.Debug|Any CPU.ActiveCfg = Debug|Any CPU
		{BAE83F82-7CF6-423E-99C2-C693C9054B5C}.Debug|Any CPU.Build.0 = Debug|Any CPU
		{BAE83F82-7CF6-423E-99C2-C693C9054B5C}.Debug|x64.ActiveCfg = Debug|Any CPU
		{BAE83F82-7CF6-423E-99C2-C693C9054B5C}.Debug|x64.Build.0 = Debug|Any CPU
		{BAE83F82-7CF6-423E-99C2-C693C9054B5C}.Debug|x86.ActiveCfg = Debug|Any CPU
		{BAE83F82-7CF6-423E-99C2-C693C9054B5C}.Debug|x86.Build.0 = Debug|Any CPU
		{BAE83F82-7CF6-423E-99C2-C693C9054B5C}.Release|Any CPU.ActiveCfg = Release|Any CPU
		{BAE83F82-7CF6-423E-99C2-C693C9054B5C}.Release|Any CPU.Build.0 = Release|Any CPU
		{BAE83F82-7CF6-423E-99C2-C693C9054B5C}.Release|x64.ActiveCfg = Release|Any CPU
		{BAE83F82-7CF6-423E-99C2-C693C9054B5C}.Release|x64.Build.0 = Release|Any CPU
		{BAE83F82-7CF6-423E-99C2-C693C9054B5C}.Release|x86.ActiveCfg = Release|Any CPU
		{BAE83F82-7CF6-423E-99C2-C693C9054B5C}.Release|x86.Build.0 = Release|Any CPU
	EndGlobalSection
EndGlobal
