
Microsoft Visual Studio Solution File, Format Version 12.00
# Visual Studio 15
VisualStudioVersion = 15.0.26124.0
MinimumVisualStudioVersion = 15.0.26124.0
Project("{FAE04EC0-301F-11D3-BF4B-00C04F79EFBC}") = "Penguin.Cms.Modules.Workers.Local", "Penguin.Cms.Modules.Workers.Local.csproj", "{046C70E3-346C-491B-B840-5B72E35CA1E8}"
EndProject
Project("{FAE04EC0-301F-11D3-BF4B-00C04F79EFBC}") = "Penguin.Cms.Logging.Local", "..\Penguin.Cms.Logging\Penguin.Cms.Logging.Local.csproj", "{98438B30-6170-4205-9014-BF5449BCC228}"
EndProject
Project("{FAE04EC0-301F-11D3-BF4B-00C04F79EFBC}") = "Penguin.Cms.Entities.Local", "..\Penguin.Cms.Entities\Penguin.Cms.Entities.Local.csproj", "{4E42ED32-27A2-4756-85FB-4F69D8D2054B}"
EndProject
Project("{FAE04EC0-301F-11D3-BF4B-00C04F79EFBC}") = "Penguin.Persistence.Abstractions.Local", "..\Penguin.Persistence.Abstractions\Penguin.Persistence.Abstractions.Local.csproj", "{2F84557F-5AB3-4F2D-8329-3247566881AB}"
EndProject
Project("{FAE04EC0-301F-11D3-BF4B-00C04F79EFBC}") = "Penguin.Entities.Abstractions.Local", "..\Penguin.Entities.Abstractions\Penguin.Entities.Abstractions.Local.csproj", "{A4D62ABE-9E29-43D4-9CF3-5FE840AFA04A}"
EndProject
Project("{FAE04EC0-301F-11D3-BF4B-00C04F79EFBC}") = "Penguin.Reflection.Extensions.Local", "..\Penguin.Reflection.Extensions\Penguin.Reflection.Extensions.Local.csproj", "{DE9B0069-2FDC-4C05-8381-79C5D98F27EF}"
EndProject
Project("{FAE04EC0-301F-11D3-BF4B-00C04F79EFBC}") = "Penguin.Extensions.String.Local", "..\Penguin.Extensions.String\Penguin.Extensions.String.Local.csproj", "{FEE521E2-C89B-4699-BF96-00B49AEB7C73}"
EndProject
Project("{FAE04EC0-301F-11D3-BF4B-00C04F79EFBC}") = "Penguin.Reflection.Abstractions.Local", "..\Penguin.Reflection.Abstractions\Penguin.Reflection.Abstractions.Local.csproj", "{57978AD2-4459-4F7E-ABF2-6706C15E8FA5}"
EndProject
Project("{FAE04EC0-301F-11D3-BF4B-00C04F79EFBC}") = "Penguin.Cms.Errors.Local", "..\Penguin.Cms.Errors\Penguin.Cms.Errors.Local.csproj", "{3926DEE8-2600-415D-9C76-8B7EE6DF27A6}"
EndProject
Project("{FAE04EC0-301F-11D3-BF4B-00C04F79EFBC}") = "Penguin.Auditing.Abstractions.Local", "..\Penguin.Auditing.Abstractions\Penguin.Auditing.Abstractions.Local.csproj", "{65C4E7EC-91CA-47DA-9A3C-4FDDABF1B414}"
EndProject
Project("{FAE04EC0-301F-11D3-BF4B-00C04F79EFBC}") = "Penguin.Extensions.Exceptions.Local", "..\Penguin.Extensions.Exceptions\Penguin.Extensions.Exceptions.Local.csproj", "{F45C95AE-9EAE-45A1-9F8C-19C722C77618}"
EndProject
Project("{FAE04EC0-301F-11D3-BF4B-00C04F79EFBC}") = "Penguin.Messaging.Logging.Local", "..\Penguin.Messaging.Logging\Penguin.Messaging.Logging.Local.csproj", "{6AC2B52F-AABF-4404-B99A-402560D04282}"
EndProject
Project("{FAE04EC0-301F-11D3-BF4B-00C04F79EFBC}") = "Penguin.Messaging.Abstractions.Local", "..\Penguin.Messaging.Abstractions\Penguin.Messaging.Abstractions.Local.csproj", "{5856A82B-9DF9-4D2B-A2EE-564E59536017}"
EndProject
Project("{FAE04EC0-301F-11D3-BF4B-00C04F79EFBC}") = "Penguin.Messaging.Core.Local", "..\Penguin.Messaging.Core\Penguin.Messaging.Core.Local.csproj", "{A225AE93-BB5E-4D3C-86F4-C2B969649DF6}"
EndProject
Project("{FAE04EC0-301F-11D3-BF4B-00C04F79EFBC}") = "Penguin.Debugging.Local", "..\Penguin.Debugging\Penguin.Debugging.Local.csproj", "{CBBCBB94-3D03-483C-9E9B-6C59C8EA866F}"
EndProject
Project("{FAE04EC0-301F-11D3-BF4B-00C04F79EFBC}") = "Penguin.Cms.Modules.Admin.Local", "..\Penguin.Cms.Modules.Admin\Penguin.Cms.Modules.Admin.Local.csproj", "{103B3470-7AE6-4FF2-BD0E-344F685CEA5A}"
EndProject
Project("{FAE04EC0-301F-11D3-BF4B-00C04F79EFBC}") = "Penguin.Cms.Modules.Core.Local", "..\Penguin.Cms.Modules.Core\Penguin.Cms.Modules.Core.Local.csproj", "{9C12D8B1-8268-44DE-90A4-4003FF21AE33}"
EndProject
Project("{FAE04EC0-301F-11D3-BF4B-00C04F79EFBC}") = "Penguin.Cms.Abstractions.Local", "..\Penguin.Cms.Abstractions\Penguin.Cms.Abstractions.Local.csproj", "{F84C6D42-28F8-4143-A7A0-814935CD0B79}"
EndProject
Project("{FAE04EC0-301F-11D3-BF4B-00C04F79EFBC}") = "Penguin.DependencyInjection.Abstractions.Local", "..\Penguin.DependencyInjection.Abstractions\Penguin.DependencyInjection.Abstractions.Local.csproj", "{5118AD44-58C0-4B03-B56A-C7B0D0E47A8A}"
EndProject
Project("{FAE04EC0-301F-11D3-BF4B-00C04F79EFBC}") = "Penguin.Cms.Core.Local", "..\Penguin.Cms.Core\Penguin.Cms.Core.Local.csproj", "{FA6EAA3F-6E06-48B3-8694-EAAC05925CBD}"
EndProject
Project("{FAE04EC0-301F-11D3-BF4B-00C04F79EFBC}") = "Penguin.Reflection.Local", "..\Penguin.Reflection\Penguin.Reflection.Local.csproj", "{DDB6C33C-7215-463D-9CDC-0A1C9E29306E}"
EndProject
Project("{FAE04EC0-301F-11D3-BF4B-00C04F79EFBC}") = "Penguin.Cms.Web.Local", "..\Penguin.Cms.Web\Penguin.Cms.Web.Local.csproj", "{2126DA26-5C2D-4908-BED2-062A3D1D17DF}"
EndProject
Project("{FAE04EC0-301F-11D3-BF4B-00C04F79EFBC}") = "Penguin.Configuration.Local", "..\Penguin.Configuration\Penguin.Configuration.Local.csproj", "{70930334-11AE-474F-9BCC-2A5612DE705B}"
EndProject
Project("{FAE04EC0-301F-11D3-BF4B-00C04F79EFBC}") = "Penguin.Configuration.Abstractions.Local", "..\Penguin.Configuration.Abstractions\Penguin.Configuration.Abstractions.Local.csproj", "{A222D803-9E83-4691-9AC0-404339AED09A}"
EndProject
Project("{FAE04EC0-301F-11D3-BF4B-00C04F79EFBC}") = "Penguin.DependencyInjection.Local", "..\Penguin.DependencyInjection\Penguin.DependencyInjection.Local.csproj", "{ACE15D4D-82D8-40CC-B33F-9FDFBE239E08}"
EndProject
Project("{FAE04EC0-301F-11D3-BF4B-00C04F79EFBC}") = "Penguin.Extensions.Collections.Local", "..\Penguin.Extensions.Collections\Penguin.Extensions.Collections.Local.csproj", "{7429B4E9-2EB9-48B8-98ED-ECA034E4C745}"
EndProject
Project("{FAE04EC0-301F-11D3-BF4B-00C04F79EFBC}") = "Penguin.Files.Local", "..\Penguin.Files\Penguin.Files.Local.csproj", "{8FDC1A55-14D6-42FE-9645-6A61B1BB2990}"
EndProject
Project("{FAE04EC0-301F-11D3-BF4B-00C04F79EFBC}") = "Penguin.Files.Abstractions.Local", "..\Penguin.Files.Abstractions\Penguin.Files.Abstractions.Local.csproj", "{AE4EFD59-A0EF-4FC4-903D-A13F24276FF6}"
EndProject
Project("{FAE04EC0-301F-11D3-BF4B-00C04F79EFBC}") = "Penguin.Security.Abstractions.Local", "..\Penguin.Security.Abstractions\Penguin.Security.Abstractions.Local.csproj", "{007201D4-C57F-4525-9C43-694BA65E3397}"
EndProject
Project("{FAE04EC0-301F-11D3-BF4B-00C04F79EFBC}") = "Penguin.Messaging.Application.Local", "..\Penguin.Messaging.Application\Penguin.Messaging.Application.Local.csproj", "{F002254E-3C30-4DE0-8D57-CF2D463FE3CA}"
EndProject
Project("{FAE04EC0-301F-11D3-BF4B-00C04F79EFBC}") = "Penguin.Persistence.Database.Local", "..\Penguin.Persistence.Database\Penguin.Persistence.Database.Local.csproj", "{5217D5CB-53CC-4FA6-809B-F9A6F3919202}"
EndProject
Project("{FAE04EC0-301F-11D3-BF4B-00C04F79EFBC}") = "Penguin.Threading.BackgroundWorker.Local", "..\Penguin.Threading.BackgroundWorker\Penguin.Threading.BackgroundWorker.Local.csproj", "{247A4155-21DD-4272-B6C1-FAC8E3D39F6F}"
EndProject
Project("{FAE04EC0-301F-11D3-BF4B-00C04F79EFBC}") = "Penguin.Persistence.Repositories.Local", "..\Penguin.Persistence.Repositories\Penguin.Persistence.Repositories.Local.csproj", "{2D6569C2-9CCF-4857-A7DD-ECE43983D893}"
EndProject
Project("{FAE04EC0-301F-11D3-BF4B-00C04F79EFBC}") = "Penguin.Messaging.Persistence.Local", "..\Penguin.Messaging.Persistence\Penguin.Messaging.Persistence.Local.csproj", "{7D3D2D8B-CB58-4291-818E-55332F885980}"
EndProject
Project("{FAE04EC0-301F-11D3-BF4B-00C04F79EFBC}") = "Penguin.Reflection.Serialization.Local", "..\Penguin.Reflection.Serialization\Penguin.Reflection.Serialization.Local.csproj", "{4AA8808A-9C14-40AC-8D91-89D67B56A35E}"
EndProject
Project("{FAE04EC0-301F-11D3-BF4B-00C04F79EFBC}") = "Penguin.Reflection.Serialization.Abstractions.Local", "..\Penguin.Reflection.Serialization.Abstractions\Penguin.Reflection.Serialization.Abstractions.Local.csproj", "{C2C5D76F-B9EB-477E-9595-FABEB15D5FB6}"
EndProject
Project("{FAE04EC0-301F-11D3-BF4B-00C04F79EFBC}") = "Penguin.Reflection.Serialization.Extensions.Local", "..\Penguin.Reflection.Serialization.Extensions\Penguin.Reflection.Serialization.Extensions.Local.csproj", "{239FFFEB-B509-4807-B08D-4413A520DC72}"
EndProject
Project("{FAE04EC0-301F-11D3-BF4B-00C04F79EFBC}") = "Penguin.Templating.Abstractions.Local", "..\Penguin.Templating.Abstractions\Penguin.Templating.Abstractions.Local.csproj", "{225233FE-F231-4296-94D3-D356BBD5BA36}"
EndProject
Project("{FAE04EC0-301F-11D3-BF4B-00C04F79EFBC}") = "Penguin.Testing.Local", "..\Penguin.Testing\Penguin.Testing.Local.csproj", "{148B2ACF-F19B-4B69-8855-E55FAF557B2E}"
EndProject
Project("{FAE04EC0-301F-11D3-BF4B-00C04F79EFBC}") = "Penguin.Web.Abstractions.Local", "..\Penguin.Web.Abstractions\Penguin.Web.Abstractions.Local.csproj", "{1B2EA23B-3C30-43AF-9AD2-5AD4ED9EF58C}"
EndProject
Project("{FAE04EC0-301F-11D3-BF4B-00C04F79EFBC}") = "Penguin.Web.DependencyInjection.Local", "..\Penguin.Web.DependencyInjection\Penguin.Web.DependencyInjection.Local.csproj", "{A0AABD06-E616-436C-925B-63FB2979015D}"
EndProject
Project("{FAE04EC0-301F-11D3-BF4B-00C04F79EFBC}") = "Penguin.Web.Testing.Local", "..\Penguin.Web.Testing\Penguin.Web.Testing.Local.csproj", "{54E17A8F-EBB2-409F-A7F6-588A524AD9AB}"
EndProject
Project("{FAE04EC0-301F-11D3-BF4B-00C04F79EFBC}") = "Penguin.Web.Errors.Local", "..\Penguin.Web.Errors\Penguin.Web.Errors.Local.csproj", "{CE02591F-2CD9-4995-B6D9-384843A1F05E}"
EndProject
Project("{FAE04EC0-301F-11D3-BF4B-00C04F79EFBC}") = "Penguin.Web.Mvc.Local", "..\Penguin.Web.Mvc\Penguin.Web.Mvc.Local.csproj", "{8BC58B4A-C752-4DF3-8900-9CEAEE8A6B06}"
EndProject
Project("{FAE04EC0-301F-11D3-BF4B-00C04F79EFBC}") = "Penguin.Web.Mvc.Abstractions.Local", "..\Penguin.Web.Mvc.Abstractions\Penguin.Web.Mvc.Abstractions.Local.csproj", "{B486D7BC-61C0-44D1-B95C-22DBA9F2A467}"
EndProject
Project("{FAE04EC0-301F-11D3-BF4B-00C04F79EFBC}") = "Penguin.Navigation.Abstractions.Local", "..\Penguin.Navigation.Abstractions\Penguin.Navigation.Abstractions.Local.csproj", "{BB13BC92-5625-4EC5-AD29-B1A3D408739C}"
EndProject
Project("{FAE04EC0-301F-11D3-BF4B-00C04F79EFBC}") = "Penguin.Web.Security.Local", "..\Penguin.Web.Security\Penguin.Web.Security.Local.csproj", "{42A20140-2947-4D01-A4D5-E5258DB7E15C}"
EndProject
Project("{FAE04EC0-301F-11D3-BF4B-00C04F79EFBC}") = "Penguin.Workers.Abstractions.Local", "..\Penguin.Workers.Abstractions\Penguin.Workers.Abstractions.Local.csproj", "{16DCDA34-B20F-49F8-B718-ABD2DD47DF3C}"
EndProject
Project("{FAE04EC0-301F-11D3-BF4B-00C04F79EFBC}") = "Penguin.Workers.Repositories.Local", "..\Penguin.Workers.Repositories\Penguin.Workers.Repositories.Local.csproj", "{9C8E0129-03EE-4D31-A54E-89375C7F21CA}"
EndProject
Project("{FAE04EC0-301F-11D3-BF4B-00C04F79EFBC}") = "Penguin.Cms.Repositories.Local", "..\Penguin.Cms.Repositories\Penguin.Cms.Repositories.Local.csproj", "{F1849D63-3023-441F-9538-A8F5C9335A0A}"
EndProject
Project("{FAE04EC0-301F-11D3-BF4B-00C04F79EFBC}") = "Penguin.Cms.Workers.Entities.Local", "..\Penguin.Cms.Workers.Entities\Penguin.Cms.Workers.Entities.Local.csproj", "{C5A78F82-5DA0-4FF6-B030-EA19F86E177C}"
EndProject
Global
	GlobalSection(SolutionConfigurationPlatforms) = preSolution
		Debug|Any CPU = Debug|Any CPU
		Debug|x64 = Debug|x64
		Debug|x86 = Debug|x86
		Release|Any CPU = Release|Any CPU
		Release|x64 = Release|x64
		Release|x86 = Release|x86
	EndGlobalSection
	GlobalSection(SolutionProperties) = preSolution
		HideSolutionNode = FALSE
	EndGlobalSection
	GlobalSection(ProjectConfigurationPlatforms) = postSolution
		{046C70E3-346C-491B-B840-5B72E35CA1E8}.Debug|Any CPU.ActiveCfg = Debug|Any CPU
		{046C70E3-346C-491B-B840-5B72E35CA1E8}.Debug|Any CPU.Build.0 = Debug|Any CPU
		{046C70E3-346C-491B-B840-5B72E35CA1E8}.Debug|x64.ActiveCfg = Debug|Any CPU
		{046C70E3-346C-491B-B840-5B72E35CA1E8}.Debug|x64.Build.0 = Debug|Any CPU
		{046C70E3-346C-491B-B840-5B72E35CA1E8}.Debug|x86.ActiveCfg = Debug|Any CPU
		{046C70E3-346C-491B-B840-5B72E35CA1E8}.Debug|x86.Build.0 = Debug|Any CPU
		{046C70E3-346C-491B-B840-5B72E35CA1E8}.Release|Any CPU.ActiveCfg = Release|Any CPU
		{046C70E3-346C-491B-B840-5B72E35CA1E8}.Release|Any CPU.Build.0 = Release|Any CPU
		{046C70E3-346C-491B-B840-5B72E35CA1E8}.Release|x64.ActiveCfg = Release|Any CPU
		{046C70E3-346C-491B-B840-5B72E35CA1E8}.Release|x64.Build.0 = Release|Any CPU
		{046C70E3-346C-491B-B840-5B72E35CA1E8}.Release|x86.ActiveCfg = Release|Any CPU
		{046C70E3-346C-491B-B840-5B72E35CA1E8}.Release|x86.Build.0 = Release|Any CPU
		{98438B30-6170-4205-9014-BF5449BCC228}.Debug|Any CPU.ActiveCfg = Debug|Any CPU
		{98438B30-6170-4205-9014-BF5449BCC228}.Debug|Any CPU.Build.0 = Debug|Any CPU
		{98438B30-6170-4205-9014-BF5449BCC228}.Debug|x64.ActiveCfg = Debug|Any CPU
		{98438B30-6170-4205-9014-BF5449BCC228}.Debug|x64.Build.0 = Debug|Any CPU
		{98438B30-6170-4205-9014-BF5449BCC228}.Debug|x86.ActiveCfg = Debug|Any CPU
		{98438B30-6170-4205-9014-BF5449BCC228}.Debug|x86.Build.0 = Debug|Any CPU
		{98438B30-6170-4205-9014-BF5449BCC228}.Release|Any CPU.ActiveCfg = Release|Any CPU
		{98438B30-6170-4205-9014-BF5449BCC228}.Release|Any CPU.Build.0 = Release|Any CPU
		{98438B30-6170-4205-9014-BF5449BCC228}.Release|x64.ActiveCfg = Release|Any CPU
		{98438B30-6170-4205-9014-BF5449BCC228}.Release|x64.Build.0 = Release|Any CPU
		{98438B30-6170-4205-9014-BF5449BCC228}.Release|x86.ActiveCfg = Release|Any CPU
		{98438B30-6170-4205-9014-BF5449BCC228}.Release|x86.Build.0 = Release|Any CPU
		{4E42ED32-27A2-4756-85FB-4F69D8D2054B}.Debug|Any CPU.ActiveCfg = Debug|Any CPU
		{4E42ED32-27A2-4756-85FB-4F69D8D2054B}.Debug|Any CPU.Build.0 = Debug|Any CPU
		{4E42ED32-27A2-4756-85FB-4F69D8D2054B}.Debug|x64.ActiveCfg = Debug|Any CPU
		{4E42ED32-27A2-4756-85FB-4F69D8D2054B}.Debug|x64.Build.0 = Debug|Any CPU
		{4E42ED32-27A2-4756-85FB-4F69D8D2054B}.Debug|x86.ActiveCfg = Debug|Any CPU
		{4E42ED32-27A2-4756-85FB-4F69D8D2054B}.Debug|x86.Build.0 = Debug|Any CPU
		{4E42ED32-27A2-4756-85FB-4F69D8D2054B}.Release|Any CPU.ActiveCfg = Release|Any CPU
		{4E42ED32-27A2-4756-85FB-4F69D8D2054B}.Release|Any CPU.Build.0 = Release|Any CPU
		{4E42ED32-27A2-4756-85FB-4F69D8D2054B}.Release|x64.ActiveCfg = Release|Any CPU
		{4E42ED32-27A2-4756-85FB-4F69D8D2054B}.Release|x64.Build.0 = Release|Any CPU
		{4E42ED32-27A2-4756-85FB-4F69D8D2054B}.Release|x86.ActiveCfg = Release|Any CPU
		{4E42ED32-27A2-4756-85FB-4F69D8D2054B}.Release|x86.Build.0 = Release|Any CPU
		{2F84557F-5AB3-4F2D-8329-3247566881AB}.Debug|Any CPU.ActiveCfg = Debug|Any CPU
		{2F84557F-5AB3-4F2D-8329-3247566881AB}.Debug|Any CPU.Build.0 = Debug|Any CPU
		{2F84557F-5AB3-4F2D-8329-3247566881AB}.Debug|x64.ActiveCfg = Debug|Any CPU
		{2F84557F-5AB3-4F2D-8329-3247566881AB}.Debug|x64.Build.0 = Debug|Any CPU
		{2F84557F-5AB3-4F2D-8329-3247566881AB}.Debug|x86.ActiveCfg = Debug|Any CPU
		{2F84557F-5AB3-4F2D-8329-3247566881AB}.Debug|x86.Build.0 = Debug|Any CPU
		{2F84557F-5AB3-4F2D-8329-3247566881AB}.Release|Any CPU.ActiveCfg = Release|Any CPU
		{2F84557F-5AB3-4F2D-8329-3247566881AB}.Release|Any CPU.Build.0 = Release|Any CPU
		{2F84557F-5AB3-4F2D-8329-3247566881AB}.Release|x64.ActiveCfg = Release|Any CPU
		{2F84557F-5AB3-4F2D-8329-3247566881AB}.Release|x64.Build.0 = Release|Any CPU
		{2F84557F-5AB3-4F2D-8329-3247566881AB}.Release|x86.ActiveCfg = Release|Any CPU
		{2F84557F-5AB3-4F2D-8329-3247566881AB}.Release|x86.Build.0 = Release|Any CPU
		{A4D62ABE-9E29-43D4-9CF3-5FE840AFA04A}.Debug|Any CPU.ActiveCfg = Debug|Any CPU
		{A4D62ABE-9E29-43D4-9CF3-5FE840AFA04A}.Debug|Any CPU.Build.0 = Debug|Any CPU
		{A4D62ABE-9E29-43D4-9CF3-5FE840AFA04A}.Debug|x64.ActiveCfg = Debug|Any CPU
		{A4D62ABE-9E29-43D4-9CF3-5FE840AFA04A}.Debug|x64.Build.0 = Debug|Any CPU
		{A4D62ABE-9E29-43D4-9CF3-5FE840AFA04A}.Debug|x86.ActiveCfg = Debug|Any CPU
		{A4D62ABE-9E29-43D4-9CF3-5FE840AFA04A}.Debug|x86.Build.0 = Debug|Any CPU
		{A4D62ABE-9E29-43D4-9CF3-5FE840AFA04A}.Release|Any CPU.ActiveCfg = Release|Any CPU
		{A4D62ABE-9E29-43D4-9CF3-5FE840AFA04A}.Release|Any CPU.Build.0 = Release|Any CPU
		{A4D62ABE-9E29-43D4-9CF3-5FE840AFA04A}.Release|x64.ActiveCfg = Release|Any CPU
		{A4D62ABE-9E29-43D4-9CF3-5FE840AFA04A}.Release|x64.Build.0 = Release|Any CPU
		{A4D62ABE-9E29-43D4-9CF3-5FE840AFA04A}.Release|x86.ActiveCfg = Release|Any CPU
		{A4D62ABE-9E29-43D4-9CF3-5FE840AFA04A}.Release|x86.Build.0 = Release|Any CPU
		{DE9B0069-2FDC-4C05-8381-79C5D98F27EF}.Debug|Any CPU.ActiveCfg = Debug|Any CPU
		{DE9B0069-2FDC-4C05-8381-79C5D98F27EF}.Debug|Any CPU.Build.0 = Debug|Any CPU
		{DE9B0069-2FDC-4C05-8381-79C5D98F27EF}.Debug|x64.ActiveCfg = Debug|Any CPU
		{DE9B0069-2FDC-4C05-8381-79C5D98F27EF}.Debug|x64.Build.0 = Debug|Any CPU
		{DE9B0069-2FDC-4C05-8381-79C5D98F27EF}.Debug|x86.ActiveCfg = Debug|Any CPU
		{DE9B0069-2FDC-4C05-8381-79C5D98F27EF}.Debug|x86.Build.0 = Debug|Any CPU
		{DE9B0069-2FDC-4C05-8381-79C5D98F27EF}.Release|Any CPU.ActiveCfg = Release|Any CPU
		{DE9B0069-2FDC-4C05-8381-79C5D98F27EF}.Release|Any CPU.Build.0 = Release|Any CPU
		{DE9B0069-2FDC-4C05-8381-79C5D98F27EF}.Release|x64.ActiveCfg = Release|Any CPU
		{DE9B0069-2FDC-4C05-8381-79C5D98F27EF}.Release|x64.Build.0 = Release|Any CPU
		{DE9B0069-2FDC-4C05-8381-79C5D98F27EF}.Release|x86.ActiveCfg = Release|Any CPU
		{DE9B0069-2FDC-4C05-8381-79C5D98F27EF}.Release|x86.Build.0 = Release|Any CPU
		{FEE521E2-C89B-4699-BF96-00B49AEB7C73}.Debug|Any CPU.ActiveCfg = Debug|Any CPU
		{FEE521E2-C89B-4699-BF96-00B49AEB7C73}.Debug|Any CPU.Build.0 = Debug|Any CPU
		{FEE521E2-C89B-4699-BF96-00B49AEB7C73}.Debug|x64.ActiveCfg = Debug|Any CPU
		{FEE521E2-C89B-4699-BF96-00B49AEB7C73}.Debug|x64.Build.0 = Debug|Any CPU
		{FEE521E2-C89B-4699-BF96-00B49AEB7C73}.Debug|x86.ActiveCfg = Debug|Any CPU
		{FEE521E2-C89B-4699-BF96-00B49AEB7C73}.Debug|x86.Build.0 = Debug|Any CPU
		{FEE521E2-C89B-4699-BF96-00B49AEB7C73}.Release|Any CPU.ActiveCfg = Release|Any CPU
		{FEE521E2-C89B-4699-BF96-00B49AEB7C73}.Release|Any CPU.Build.0 = Release|Any CPU
		{FEE521E2-C89B-4699-BF96-00B49AEB7C73}.Release|x64.ActiveCfg = Release|Any CPU
		{FEE521E2-C89B-4699-BF96-00B49AEB7C73}.Release|x64.Build.0 = Release|Any CPU
		{FEE521E2-C89B-4699-BF96-00B49AEB7C73}.Release|x86.ActiveCfg = Release|Any CPU
		{FEE521E2-C89B-4699-BF96-00B49AEB7C73}.Release|x86.Build.0 = Release|Any CPU
		{57978AD2-4459-4F7E-ABF2-6706C15E8FA5}.Debug|Any CPU.ActiveCfg = Debug|Any CPU
		{57978AD2-4459-4F7E-ABF2-6706C15E8FA5}.Debug|Any CPU.Build.0 = Debug|Any CPU
		{57978AD2-4459-4F7E-ABF2-6706C15E8FA5}.Debug|x64.ActiveCfg = Debug|Any CPU
		{57978AD2-4459-4F7E-ABF2-6706C15E8FA5}.Debug|x64.Build.0 = Debug|Any CPU
		{57978AD2-4459-4F7E-ABF2-6706C15E8FA5}.Debug|x86.ActiveCfg = Debug|Any CPU
		{57978AD2-4459-4F7E-ABF2-6706C15E8FA5}.Debug|x86.Build.0 = Debug|Any CPU
		{57978AD2-4459-4F7E-ABF2-6706C15E8FA5}.Release|Any CPU.ActiveCfg = Release|Any CPU
		{57978AD2-4459-4F7E-ABF2-6706C15E8FA5}.Release|Any CPU.Build.0 = Release|Any CPU
		{57978AD2-4459-4F7E-ABF2-6706C15E8FA5}.Release|x64.ActiveCfg = Release|Any CPU
		{57978AD2-4459-4F7E-ABF2-6706C15E8FA5}.Release|x64.Build.0 = Release|Any CPU
		{57978AD2-4459-4F7E-ABF2-6706C15E8FA5}.Release|x86.ActiveCfg = Release|Any CPU
		{57978AD2-4459-4F7E-ABF2-6706C15E8FA5}.Release|x86.Build.0 = Release|Any CPU
		{3926DEE8-2600-415D-9C76-8B7EE6DF27A6}.Debug|Any CPU.ActiveCfg = Debug|Any CPU
		{3926DEE8-2600-415D-9C76-8B7EE6DF27A6}.Debug|Any CPU.Build.0 = Debug|Any CPU
		{3926DEE8-2600-415D-9C76-8B7EE6DF27A6}.Debug|x64.ActiveCfg = Debug|Any CPU
		{3926DEE8-2600-415D-9C76-8B7EE6DF27A6}.Debug|x64.Build.0 = Debug|Any CPU
		{3926DEE8-2600-415D-9C76-8B7EE6DF27A6}.Debug|x86.ActiveCfg = Debug|Any CPU
		{3926DEE8-2600-415D-9C76-8B7EE6DF27A6}.Debug|x86.Build.0 = Debug|Any CPU
		{3926DEE8-2600-415D-9C76-8B7EE6DF27A6}.Release|Any CPU.ActiveCfg = Release|Any CPU
		{3926DEE8-2600-415D-9C76-8B7EE6DF27A6}.Release|Any CPU.Build.0 = Release|Any CPU
		{3926DEE8-2600-415D-9C76-8B7EE6DF27A6}.Release|x64.ActiveCfg = Release|Any CPU
		{3926DEE8-2600-415D-9C76-8B7EE6DF27A6}.Release|x64.Build.0 = Release|Any CPU
		{3926DEE8-2600-415D-9C76-8B7EE6DF27A6}.Release|x86.ActiveCfg = Release|Any CPU
		{3926DEE8-2600-415D-9C76-8B7EE6DF27A6}.Release|x86.Build.0 = Release|Any CPU
		{65C4E7EC-91CA-47DA-9A3C-4FDDABF1B414}.Debug|Any CPU.ActiveCfg = Debug|Any CPU
		{65C4E7EC-91CA-47DA-9A3C-4FDDABF1B414}.Debug|Any CPU.Build.0 = Debug|Any CPU
		{65C4E7EC-91CA-47DA-9A3C-4FDDABF1B414}.Debug|x64.ActiveCfg = Debug|Any CPU
		{65C4E7EC-91CA-47DA-9A3C-4FDDABF1B414}.Debug|x64.Build.0 = Debug|Any CPU
		{65C4E7EC-91CA-47DA-9A3C-4FDDABF1B414}.Debug|x86.ActiveCfg = Debug|Any CPU
		{65C4E7EC-91CA-47DA-9A3C-4FDDABF1B414}.Debug|x86.Build.0 = Debug|Any CPU
		{65C4E7EC-91CA-47DA-9A3C-4FDDABF1B414}.Release|Any CPU.ActiveCfg = Release|Any CPU
		{65C4E7EC-91CA-47DA-9A3C-4FDDABF1B414}.Release|Any CPU.Build.0 = Release|Any CPU
		{65C4E7EC-91CA-47DA-9A3C-4FDDABF1B414}.Release|x64.ActiveCfg = Release|Any CPU
		{65C4E7EC-91CA-47DA-9A3C-4FDDABF1B414}.Release|x64.Build.0 = Release|Any CPU
		{65C4E7EC-91CA-47DA-9A3C-4FDDABF1B414}.Release|x86.ActiveCfg = Release|Any CPU
		{65C4E7EC-91CA-47DA-9A3C-4FDDABF1B414}.Release|x86.Build.0 = Release|Any CPU
		{F45C95AE-9EAE-45A1-9F8C-19C722C77618}.Debug|Any CPU.ActiveCfg = Debug|Any CPU
		{F45C95AE-9EAE-45A1-9F8C-19C722C77618}.Debug|Any CPU.Build.0 = Debug|Any CPU
		{F45C95AE-9EAE-45A1-9F8C-19C722C77618}.Debug|x64.ActiveCfg = Debug|Any CPU
		{F45C95AE-9EAE-45A1-9F8C-19C722C77618}.Debug|x64.Build.0 = Debug|Any CPU
		{F45C95AE-9EAE-45A1-9F8C-19C722C77618}.Debug|x86.ActiveCfg = Debug|Any CPU
		{F45C95AE-9EAE-45A1-9F8C-19C722C77618}.Debug|x86.Build.0 = Debug|Any CPU
		{F45C95AE-9EAE-45A1-9F8C-19C722C77618}.Release|Any CPU.ActiveCfg = Release|Any CPU
		{F45C95AE-9EAE-45A1-9F8C-19C722C77618}.Release|Any CPU.Build.0 = Release|Any CPU
		{F45C95AE-9EAE-45A1-9F8C-19C722C77618}.Release|x64.ActiveCfg = Release|Any CPU
		{F45C95AE-9EAE-45A1-9F8C-19C722C77618}.Release|x64.Build.0 = Release|Any CPU
		{F45C95AE-9EAE-45A1-9F8C-19C722C77618}.Release|x86.ActiveCfg = Release|Any CPU
		{F45C95AE-9EAE-45A1-9F8C-19C722C77618}.Release|x86.Build.0 = Release|Any CPU
		{6AC2B52F-AABF-4404-B99A-402560D04282}.Debug|Any CPU.ActiveCfg = Debug|Any CPU
		{6AC2B52F-AABF-4404-B99A-402560D04282}.Debug|Any CPU.Build.0 = Debug|Any CPU
		{6AC2B52F-AABF-4404-B99A-402560D04282}.Debug|x64.ActiveCfg = Debug|Any CPU
		{6AC2B52F-AABF-4404-B99A-402560D04282}.Debug|x64.Build.0 = Debug|Any CPU
		{6AC2B52F-AABF-4404-B99A-402560D04282}.Debug|x86.ActiveCfg = Debug|Any CPU
		{6AC2B52F-AABF-4404-B99A-402560D04282}.Debug|x86.Build.0 = Debug|Any CPU
		{6AC2B52F-AABF-4404-B99A-402560D04282}.Release|Any CPU.ActiveCfg = Release|Any CPU
		{6AC2B52F-AABF-4404-B99A-402560D04282}.Release|Any CPU.Build.0 = Release|Any CPU
		{6AC2B52F-AABF-4404-B99A-402560D04282}.Release|x64.ActiveCfg = Release|Any CPU
		{6AC2B52F-AABF-4404-B99A-402560D04282}.Release|x64.Build.0 = Release|Any CPU
		{6AC2B52F-AABF-4404-B99A-402560D04282}.Release|x86.ActiveCfg = Release|Any CPU
		{6AC2B52F-AABF-4404-B99A-402560D04282}.Release|x86.Build.0 = Release|Any CPU
		{5856A82B-9DF9-4D2B-A2EE-564E59536017}.Debug|Any CPU.ActiveCfg = Debug|Any CPU
		{5856A82B-9DF9-4D2B-A2EE-564E59536017}.Debug|Any CPU.Build.0 = Debug|Any CPU
		{5856A82B-9DF9-4D2B-A2EE-564E59536017}.Debug|x64.ActiveCfg = Debug|Any CPU
		{5856A82B-9DF9-4D2B-A2EE-564E59536017}.Debug|x64.Build.0 = Debug|Any CPU
		{5856A82B-9DF9-4D2B-A2EE-564E59536017}.Debug|x86.ActiveCfg = Debug|Any CPU
		{5856A82B-9DF9-4D2B-A2EE-564E59536017}.Debug|x86.Build.0 = Debug|Any CPU
		{5856A82B-9DF9-4D2B-A2EE-564E59536017}.Release|Any CPU.ActiveCfg = Release|Any CPU
		{5856A82B-9DF9-4D2B-A2EE-564E59536017}.Release|Any CPU.Build.0 = Release|Any CPU
		{5856A82B-9DF9-4D2B-A2EE-564E59536017}.Release|x64.ActiveCfg = Release|Any CPU
		{5856A82B-9DF9-4D2B-A2EE-564E59536017}.Release|x64.Build.0 = Release|Any CPU
		{5856A82B-9DF9-4D2B-A2EE-564E59536017}.Release|x86.ActiveCfg = Release|Any CPU
		{5856A82B-9DF9-4D2B-A2EE-564E59536017}.Release|x86.Build.0 = Release|Any CPU
		{A225AE93-BB5E-4D3C-86F4-C2B969649DF6}.Debug|Any CPU.ActiveCfg = Debug|Any CPU
		{A225AE93-BB5E-4D3C-86F4-C2B969649DF6}.Debug|Any CPU.Build.0 = Debug|Any CPU
		{A225AE93-BB5E-4D3C-86F4-C2B969649DF6}.Debug|x64.ActiveCfg = Debug|Any CPU
		{A225AE93-BB5E-4D3C-86F4-C2B969649DF6}.Debug|x64.Build.0 = Debug|Any CPU
		{A225AE93-BB5E-4D3C-86F4-C2B969649DF6}.Debug|x86.ActiveCfg = Debug|Any CPU
		{A225AE93-BB5E-4D3C-86F4-C2B969649DF6}.Debug|x86.Build.0 = Debug|Any CPU
		{A225AE93-BB5E-4D3C-86F4-C2B969649DF6}.Release|Any CPU.ActiveCfg = Release|Any CPU
		{A225AE93-BB5E-4D3C-86F4-C2B969649DF6}.Release|Any CPU.Build.0 = Release|Any CPU
		{A225AE93-BB5E-4D3C-86F4-C2B969649DF6}.Release|x64.ActiveCfg = Release|Any CPU
		{A225AE93-BB5E-4D3C-86F4-C2B969649DF6}.Release|x64.Build.0 = Release|Any CPU
		{A225AE93-BB5E-4D3C-86F4-C2B969649DF6}.Release|x86.ActiveCfg = Release|Any CPU
		{A225AE93-BB5E-4D3C-86F4-C2B969649DF6}.Release|x86.Build.0 = Release|Any CPU
		{CBBCBB94-3D03-483C-9E9B-6C59C8EA866F}.Debug|Any CPU.ActiveCfg = Debug|Any CPU
		{CBBCBB94-3D03-483C-9E9B-6C59C8EA866F}.Debug|Any CPU.Build.0 = Debug|Any CPU
		{CBBCBB94-3D03-483C-9E9B-6C59C8EA866F}.Debug|x64.ActiveCfg = Debug|Any CPU
		{CBBCBB94-3D03-483C-9E9B-6C59C8EA866F}.Debug|x64.Build.0 = Debug|Any CPU
		{CBBCBB94-3D03-483C-9E9B-6C59C8EA866F}.Debug|x86.ActiveCfg = Debug|Any CPU
		{CBBCBB94-3D03-483C-9E9B-6C59C8EA866F}.Debug|x86.Build.0 = Debug|Any CPU
		{CBBCBB94-3D03-483C-9E9B-6C59C8EA866F}.Release|Any CPU.ActiveCfg = Release|Any CPU
		{CBBCBB94-3D03-483C-9E9B-6C59C8EA866F}.Release|Any CPU.Build.0 = Release|Any CPU
		{CBBCBB94-3D03-483C-9E9B-6C59C8EA866F}.Release|x64.ActiveCfg = Release|Any CPU
		{CBBCBB94-3D03-483C-9E9B-6C59C8EA866F}.Release|x64.Build.0 = Release|Any CPU
		{CBBCBB94-3D03-483C-9E9B-6C59C8EA866F}.Release|x86.ActiveCfg = Release|Any CPU
		{CBBCBB94-3D03-483C-9E9B-6C59C8EA866F}.Release|x86.Build.0 = Release|Any CPU
		{103B3470-7AE6-4FF2-BD0E-344F685CEA5A}.Debug|Any CPU.ActiveCfg = Debug|Any CPU
		{103B3470-7AE6-4FF2-BD0E-344F685CEA5A}.Debug|Any CPU.Build.0 = Debug|Any CPU
		{103B3470-7AE6-4FF2-BD0E-344F685CEA5A}.Debug|x64.ActiveCfg = Debug|Any CPU
		{103B3470-7AE6-4FF2-BD0E-344F685CEA5A}.Debug|x64.Build.0 = Debug|Any CPU
		{103B3470-7AE6-4FF2-BD0E-344F685CEA5A}.Debug|x86.ActiveCfg = Debug|Any CPU
		{103B3470-7AE6-4FF2-BD0E-344F685CEA5A}.Debug|x86.Build.0 = Debug|Any CPU
		{103B3470-7AE6-4FF2-BD0E-344F685CEA5A}.Release|Any CPU.ActiveCfg = Release|Any CPU
		{103B3470-7AE6-4FF2-BD0E-344F685CEA5A}.Release|Any CPU.Build.0 = Release|Any CPU
		{103B3470-7AE6-4FF2-BD0E-344F685CEA5A}.Release|x64.ActiveCfg = Release|Any CPU
		{103B3470-7AE6-4FF2-BD0E-344F685CEA5A}.Release|x64.Build.0 = Release|Any CPU
		{103B3470-7AE6-4FF2-BD0E-344F685CEA5A}.Release|x86.ActiveCfg = Release|Any CPU
		{103B3470-7AE6-4FF2-BD0E-344F685CEA5A}.Release|x86.Build.0 = Release|Any CPU
		{9C12D8B1-8268-44DE-90A4-4003FF21AE33}.Debug|Any CPU.ActiveCfg = Debug|Any CPU
		{9C12D8B1-8268-44DE-90A4-4003FF21AE33}.Debug|Any CPU.Build.0 = Debug|Any CPU
		{9C12D8B1-8268-44DE-90A4-4003FF21AE33}.Debug|x64.ActiveCfg = Debug|Any CPU
		{9C12D8B1-8268-44DE-90A4-4003FF21AE33}.Debug|x64.Build.0 = Debug|Any CPU
		{9C12D8B1-8268-44DE-90A4-4003FF21AE33}.Debug|x86.ActiveCfg = Debug|Any CPU
		{9C12D8B1-8268-44DE-90A4-4003FF21AE33}.Debug|x86.Build.0 = Debug|Any CPU
		{9C12D8B1-8268-44DE-90A4-4003FF21AE33}.Release|Any CPU.ActiveCfg = Release|Any CPU
		{9C12D8B1-8268-44DE-90A4-4003FF21AE33}.Release|Any CPU.Build.0 = Release|Any CPU
		{9C12D8B1-8268-44DE-90A4-4003FF21AE33}.Release|x64.ActiveCfg = Release|Any CPU
		{9C12D8B1-8268-44DE-90A4-4003FF21AE33}.Release|x64.Build.0 = Release|Any CPU
		{9C12D8B1-8268-44DE-90A4-4003FF21AE33}.Release|x86.ActiveCfg = Release|Any CPU
		{9C12D8B1-8268-44DE-90A4-4003FF21AE33}.Release|x86.Build.0 = Release|Any CPU
		{F84C6D42-28F8-4143-A7A0-814935CD0B79}.Debug|Any CPU.ActiveCfg = Debug|Any CPU
		{F84C6D42-28F8-4143-A7A0-814935CD0B79}.Debug|Any CPU.Build.0 = Debug|Any CPU
		{F84C6D42-28F8-4143-A7A0-814935CD0B79}.Debug|x64.ActiveCfg = Debug|Any CPU
		{F84C6D42-28F8-4143-A7A0-814935CD0B79}.Debug|x64.Build.0 = Debug|Any CPU
		{F84C6D42-28F8-4143-A7A0-814935CD0B79}.Debug|x86.ActiveCfg = Debug|Any CPU
		{F84C6D42-28F8-4143-A7A0-814935CD0B79}.Debug|x86.Build.0 = Debug|Any CPU
		{F84C6D42-28F8-4143-A7A0-814935CD0B79}.Release|Any CPU.ActiveCfg = Release|Any CPU
		{F84C6D42-28F8-4143-A7A0-814935CD0B79}.Release|Any CPU.Build.0 = Release|Any CPU
		{F84C6D42-28F8-4143-A7A0-814935CD0B79}.Release|x64.ActiveCfg = Release|Any CPU
		{F84C6D42-28F8-4143-A7A0-814935CD0B79}.Release|x64.Build.0 = Release|Any CPU
		{F84C6D42-28F8-4143-A7A0-814935CD0B79}.Release|x86.ActiveCfg = Release|Any CPU
		{F84C6D42-28F8-4143-A7A0-814935CD0B79}.Release|x86.Build.0 = Release|Any CPU
		{5118AD44-58C0-4B03-B56A-C7B0D0E47A8A}.Debug|Any CPU.ActiveCfg = Debug|Any CPU
		{5118AD44-58C0-4B03-B56A-C7B0D0E47A8A}.Debug|Any CPU.Build.0 = Debug|Any CPU
		{5118AD44-58C0-4B03-B56A-C7B0D0E47A8A}.Debug|x64.ActiveCfg = Debug|Any CPU
		{5118AD44-58C0-4B03-B56A-C7B0D0E47A8A}.Debug|x64.Build.0 = Debug|Any CPU
		{5118AD44-58C0-4B03-B56A-C7B0D0E47A8A}.Debug|x86.ActiveCfg = Debug|Any CPU
		{5118AD44-58C0-4B03-B56A-C7B0D0E47A8A}.Debug|x86.Build.0 = Debug|Any CPU
		{5118AD44-58C0-4B03-B56A-C7B0D0E47A8A}.Release|Any CPU.ActiveCfg = Release|Any CPU
		{5118AD44-58C0-4B03-B56A-C7B0D0E47A8A}.Release|Any CPU.Build.0 = Release|Any CPU
		{5118AD44-58C0-4B03-B56A-C7B0D0E47A8A}.Release|x64.ActiveCfg = Release|Any CPU
		{5118AD44-58C0-4B03-B56A-C7B0D0E47A8A}.Release|x64.Build.0 = Release|Any CPU
		{5118AD44-58C0-4B03-B56A-C7B0D0E47A8A}.Release|x86.ActiveCfg = Release|Any CPU
		{5118AD44-58C0-4B03-B56A-C7B0D0E47A8A}.Release|x86.Build.0 = Release|Any CPU
		{FA6EAA3F-6E06-48B3-8694-EAAC05925CBD}.Debug|Any CPU.ActiveCfg = Debug|Any CPU
		{FA6EAA3F-6E06-48B3-8694-EAAC05925CBD}.Debug|Any CPU.Build.0 = Debug|Any CPU
		{FA6EAA3F-6E06-48B3-8694-EAAC05925CBD}.Debug|x64.ActiveCfg = Debug|Any CPU
		{FA6EAA3F-6E06-48B3-8694-EAAC05925CBD}.Debug|x64.Build.0 = Debug|Any CPU
		{FA6EAA3F-6E06-48B3-8694-EAAC05925CBD}.Debug|x86.ActiveCfg = Debug|Any CPU
		{FA6EAA3F-6E06-48B3-8694-EAAC05925CBD}.Debug|x86.Build.0 = Debug|Any CPU
		{FA6EAA3F-6E06-48B3-8694-EAAC05925CBD}.Release|Any CPU.ActiveCfg = Release|Any CPU
		{FA6EAA3F-6E06-48B3-8694-EAAC05925CBD}.Release|Any CPU.Build.0 = Release|Any CPU
		{FA6EAA3F-6E06-48B3-8694-EAAC05925CBD}.Release|x64.ActiveCfg = Release|Any CPU
		{FA6EAA3F-6E06-48B3-8694-EAAC05925CBD}.Release|x64.Build.0 = Release|Any CPU
		{FA6EAA3F-6E06-48B3-8694-EAAC05925CBD}.Release|x86.ActiveCfg = Release|Any CPU
		{FA6EAA3F-6E06-48B3-8694-EAAC05925CBD}.Release|x86.Build.0 = Release|Any CPU
		{DDB6C33C-7215-463D-9CDC-0A1C9E29306E}.Debug|Any CPU.ActiveCfg = Debug|Any CPU
		{DDB6C33C-7215-463D-9CDC-0A1C9E29306E}.Debug|Any CPU.Build.0 = Debug|Any CPU
		{DDB6C33C-7215-463D-9CDC-0A1C9E29306E}.Debug|x64.ActiveCfg = Debug|Any CPU
		{DDB6C33C-7215-463D-9CDC-0A1C9E29306E}.Debug|x64.Build.0 = Debug|Any CPU
		{DDB6C33C-7215-463D-9CDC-0A1C9E29306E}.Debug|x86.ActiveCfg = Debug|Any CPU
		{DDB6C33C-7215-463D-9CDC-0A1C9E29306E}.Debug|x86.Build.0 = Debug|Any CPU
		{DDB6C33C-7215-463D-9CDC-0A1C9E29306E}.Release|Any CPU.ActiveCfg = Release|Any CPU
		{DDB6C33C-7215-463D-9CDC-0A1C9E29306E}.Release|Any CPU.Build.0 = Release|Any CPU
		{DDB6C33C-7215-463D-9CDC-0A1C9E29306E}.Release|x64.ActiveCfg = Release|Any CPU
		{DDB6C33C-7215-463D-9CDC-0A1C9E29306E}.Release|x64.Build.0 = Release|Any CPU
		{DDB6C33C-7215-463D-9CDC-0A1C9E29306E}.Release|x86.ActiveCfg = Release|Any CPU
		{DDB6C33C-7215-463D-9CDC-0A1C9E29306E}.Release|x86.Build.0 = Release|Any CPU
		{2126DA26-5C2D-4908-BED2-062A3D1D17DF}.Debug|Any CPU.ActiveCfg = Debug|Any CPU
		{2126DA26-5C2D-4908-BED2-062A3D1D17DF}.Debug|Any CPU.Build.0 = Debug|Any CPU
		{2126DA26-5C2D-4908-BED2-062A3D1D17DF}.Debug|x64.ActiveCfg = Debug|Any CPU
		{2126DA26-5C2D-4908-BED2-062A3D1D17DF}.Debug|x64.Build.0 = Debug|Any CPU
		{2126DA26-5C2D-4908-BED2-062A3D1D17DF}.Debug|x86.ActiveCfg = Debug|Any CPU
		{2126DA26-5C2D-4908-BED2-062A3D1D17DF}.Debug|x86.Build.0 = Debug|Any CPU
		{2126DA26-5C2D-4908-BED2-062A3D1D17DF}.Release|Any CPU.ActiveCfg = Release|Any CPU
		{2126DA26-5C2D-4908-BED2-062A3D1D17DF}.Release|Any CPU.Build.0 = Release|Any CPU
		{2126DA26-5C2D-4908-BED2-062A3D1D17DF}.Release|x64.ActiveCfg = Release|Any CPU
		{2126DA26-5C2D-4908-BED2-062A3D1D17DF}.Release|x64.Build.0 = Release|Any CPU
		{2126DA26-5C2D-4908-BED2-062A3D1D17DF}.Release|x86.ActiveCfg = Release|Any CPU
		{2126DA26-5C2D-4908-BED2-062A3D1D17DF}.Release|x86.Build.0 = Release|Any CPU
		{70930334-11AE-474F-9BCC-2A5612DE705B}.Debug|Any CPU.ActiveCfg = Debug|Any CPU
		{70930334-11AE-474F-9BCC-2A5612DE705B}.Debug|Any CPU.Build.0 = Debug|Any CPU
		{70930334-11AE-474F-9BCC-2A5612DE705B}.Debug|x64.ActiveCfg = Debug|Any CPU
		{70930334-11AE-474F-9BCC-2A5612DE705B}.Debug|x64.Build.0 = Debug|Any CPU
		{70930334-11AE-474F-9BCC-2A5612DE705B}.Debug|x86.ActiveCfg = Debug|Any CPU
		{70930334-11AE-474F-9BCC-2A5612DE705B}.Debug|x86.Build.0 = Debug|Any CPU
		{70930334-11AE-474F-9BCC-2A5612DE705B}.Release|Any CPU.ActiveCfg = Release|Any CPU
		{70930334-11AE-474F-9BCC-2A5612DE705B}.Release|Any CPU.Build.0 = Release|Any CPU
		{70930334-11AE-474F-9BCC-2A5612DE705B}.Release|x64.ActiveCfg = Release|Any CPU
		{70930334-11AE-474F-9BCC-2A5612DE705B}.Release|x64.Build.0 = Release|Any CPU
		{70930334-11AE-474F-9BCC-2A5612DE705B}.Release|x86.ActiveCfg = Release|Any CPU
		{70930334-11AE-474F-9BCC-2A5612DE705B}.Release|x86.Build.0 = Release|Any CPU
		{A222D803-9E83-4691-9AC0-404339AED09A}.Debug|Any CPU.ActiveCfg = Debug|Any CPU
		{A222D803-9E83-4691-9AC0-404339AED09A}.Debug|Any CPU.Build.0 = Debug|Any CPU
		{A222D803-9E83-4691-9AC0-404339AED09A}.Debug|x64.ActiveCfg = Debug|Any CPU
		{A222D803-9E83-4691-9AC0-404339AED09A}.Debug|x64.Build.0 = Debug|Any CPU
		{A222D803-9E83-4691-9AC0-404339AED09A}.Debug|x86.ActiveCfg = Debug|Any CPU
		{A222D803-9E83-4691-9AC0-404339AED09A}.Debug|x86.Build.0 = Debug|Any CPU
		{A222D803-9E83-4691-9AC0-404339AED09A}.Release|Any CPU.ActiveCfg = Release|Any CPU
		{A222D803-9E83-4691-9AC0-404339AED09A}.Release|Any CPU.Build.0 = Release|Any CPU
		{A222D803-9E83-4691-9AC0-404339AED09A}.Release|x64.ActiveCfg = Release|Any CPU
		{A222D803-9E83-4691-9AC0-404339AED09A}.Release|x64.Build.0 = Release|Any CPU
		{A222D803-9E83-4691-9AC0-404339AED09A}.Release|x86.ActiveCfg = Release|Any CPU
		{A222D803-9E83-4691-9AC0-404339AED09A}.Release|x86.Build.0 = Release|Any CPU
		{ACE15D4D-82D8-40CC-B33F-9FDFBE239E08}.Debug|Any CPU.ActiveCfg = Debug|Any CPU
		{ACE15D4D-82D8-40CC-B33F-9FDFBE239E08}.Debug|Any CPU.Build.0 = Debug|Any CPU
		{ACE15D4D-82D8-40CC-B33F-9FDFBE239E08}.Debug|x64.ActiveCfg = Debug|Any CPU
		{ACE15D4D-82D8-40CC-B33F-9FDFBE239E08}.Debug|x64.Build.0 = Debug|Any CPU
		{ACE15D4D-82D8-40CC-B33F-9FDFBE239E08}.Debug|x86.ActiveCfg = Debug|Any CPU
		{ACE15D4D-82D8-40CC-B33F-9FDFBE239E08}.Debug|x86.Build.0 = Debug|Any CPU
		{ACE15D4D-82D8-40CC-B33F-9FDFBE239E08}.Release|Any CPU.ActiveCfg = Release|Any CPU
		{ACE15D4D-82D8-40CC-B33F-9FDFBE239E08}.Release|Any CPU.Build.0 = Release|Any CPU
		{ACE15D4D-82D8-40CC-B33F-9FDFBE239E08}.Release|x64.ActiveCfg = Release|Any CPU
		{ACE15D4D-82D8-40CC-B33F-9FDFBE239E08}.Release|x64.Build.0 = Release|Any CPU
		{ACE15D4D-82D8-40CC-B33F-9FDFBE239E08}.Release|x86.ActiveCfg = Release|Any CPU
		{ACE15D4D-82D8-40CC-B33F-9FDFBE239E08}.Release|x86.Build.0 = Release|Any CPU
		{7429B4E9-2EB9-48B8-98ED-ECA034E4C745}.Debug|Any CPU.ActiveCfg = Debug|Any CPU
		{7429B4E9-2EB9-48B8-98ED-ECA034E4C745}.Debug|Any CPU.Build.0 = Debug|Any CPU
		{7429B4E9-2EB9-48B8-98ED-ECA034E4C745}.Debug|x64.ActiveCfg = Debug|Any CPU
		{7429B4E9-2EB9-48B8-98ED-ECA034E4C745}.Debug|x64.Build.0 = Debug|Any CPU
		{7429B4E9-2EB9-48B8-98ED-ECA034E4C745}.Debug|x86.ActiveCfg = Debug|Any CPU
		{7429B4E9-2EB9-48B8-98ED-ECA034E4C745}.Debug|x86.Build.0 = Debug|Any CPU
		{7429B4E9-2EB9-48B8-98ED-ECA034E4C745}.Release|Any CPU.ActiveCfg = Release|Any CPU
		{7429B4E9-2EB9-48B8-98ED-ECA034E4C745}.Release|Any CPU.Build.0 = Release|Any CPU
		{7429B4E9-2EB9-48B8-98ED-ECA034E4C745}.Release|x64.ActiveCfg = Release|Any CPU
		{7429B4E9-2EB9-48B8-98ED-ECA034E4C745}.Release|x64.Build.0 = Release|Any CPU
		{7429B4E9-2EB9-48B8-98ED-ECA034E4C745}.Release|x86.ActiveCfg = Release|Any CPU
		{7429B4E9-2EB9-48B8-98ED-ECA034E4C745}.Release|x86.Build.0 = Release|Any CPU
		{8FDC1A55-14D6-42FE-9645-6A61B1BB2990}.Debug|Any CPU.ActiveCfg = Debug|Any CPU
		{8FDC1A55-14D6-42FE-9645-6A61B1BB2990}.Debug|Any CPU.Build.0 = Debug|Any CPU
		{8FDC1A55-14D6-42FE-9645-6A61B1BB2990}.Debug|x64.ActiveCfg = Debug|Any CPU
		{8FDC1A55-14D6-42FE-9645-6A61B1BB2990}.Debug|x64.Build.0 = Debug|Any CPU
		{8FDC1A55-14D6-42FE-9645-6A61B1BB2990}.Debug|x86.ActiveCfg = Debug|Any CPU
		{8FDC1A55-14D6-42FE-9645-6A61B1BB2990}.Debug|x86.Build.0 = Debug|Any CPU
		{8FDC1A55-14D6-42FE-9645-6A61B1BB2990}.Release|Any CPU.ActiveCfg = Release|Any CPU
		{8FDC1A55-14D6-42FE-9645-6A61B1BB2990}.Release|Any CPU.Build.0 = Release|Any CPU
		{8FDC1A55-14D6-42FE-9645-6A61B1BB2990}.Release|x64.ActiveCfg = Release|Any CPU
		{8FDC1A55-14D6-42FE-9645-6A61B1BB2990}.Release|x64.Build.0 = Release|Any CPU
		{8FDC1A55-14D6-42FE-9645-6A61B1BB2990}.Release|x86.ActiveCfg = Release|Any CPU
		{8FDC1A55-14D6-42FE-9645-6A61B1BB2990}.Release|x86.Build.0 = Release|Any CPU
		{AE4EFD59-A0EF-4FC4-903D-A13F24276FF6}.Debug|Any CPU.ActiveCfg = Debug|Any CPU
		{AE4EFD59-A0EF-4FC4-903D-A13F24276FF6}.Debug|Any CPU.Build.0 = Debug|Any CPU
		{AE4EFD59-A0EF-4FC4-903D-A13F24276FF6}.Debug|x64.ActiveCfg = Debug|Any CPU
		{AE4EFD59-A0EF-4FC4-903D-A13F24276FF6}.Debug|x64.Build.0 = Debug|Any CPU
		{AE4EFD59-A0EF-4FC4-903D-A13F24276FF6}.Debug|x86.ActiveCfg = Debug|Any CPU
		{AE4EFD59-A0EF-4FC4-903D-A13F24276FF6}.Debug|x86.Build.0 = Debug|Any CPU
		{AE4EFD59-A0EF-4FC4-903D-A13F24276FF6}.Release|Any CPU.ActiveCfg = Release|Any CPU
		{AE4EFD59-A0EF-4FC4-903D-A13F24276FF6}.Release|Any CPU.Build.0 = Release|Any CPU
		{AE4EFD59-A0EF-4FC4-903D-A13F24276FF6}.Release|x64.ActiveCfg = Release|Any CPU
		{AE4EFD59-A0EF-4FC4-903D-A13F24276FF6}.Release|x64.Build.0 = Release|Any CPU
		{AE4EFD59-A0EF-4FC4-903D-A13F24276FF6}.Release|x86.ActiveCfg = Release|Any CPU
		{AE4EFD59-A0EF-4FC4-903D-A13F24276FF6}.Release|x86.Build.0 = Release|Any CPU
		{007201D4-C57F-4525-9C43-694BA65E3397}.Debug|Any CPU.ActiveCfg = Debug|Any CPU
		{007201D4-C57F-4525-9C43-694BA65E3397}.Debug|Any CPU.Build.0 = Debug|Any CPU
		{007201D4-C57F-4525-9C43-694BA65E3397}.Debug|x64.ActiveCfg = Debug|Any CPU
		{007201D4-C57F-4525-9C43-694BA65E3397}.Debug|x64.Build.0 = Debug|Any CPU
		{007201D4-C57F-4525-9C43-694BA65E3397}.Debug|x86.ActiveCfg = Debug|Any CPU
		{007201D4-C57F-4525-9C43-694BA65E3397}.Debug|x86.Build.0 = Debug|Any CPU
		{007201D4-C57F-4525-9C43-694BA65E3397}.Release|Any CPU.ActiveCfg = Release|Any CPU
		{007201D4-C57F-4525-9C43-694BA65E3397}.Release|Any CPU.Build.0 = Release|Any CPU
		{007201D4-C57F-4525-9C43-694BA65E3397}.Release|x64.ActiveCfg = Release|Any CPU
		{007201D4-C57F-4525-9C43-694BA65E3397}.Release|x64.Build.0 = Release|Any CPU
		{007201D4-C57F-4525-9C43-694BA65E3397}.Release|x86.ActiveCfg = Release|Any CPU
		{007201D4-C57F-4525-9C43-694BA65E3397}.Release|x86.Build.0 = Release|Any CPU
		{F002254E-3C30-4DE0-8D57-CF2D463FE3CA}.Debug|Any CPU.ActiveCfg = Debug|Any CPU
		{F002254E-3C30-4DE0-8D57-CF2D463FE3CA}.Debug|Any CPU.Build.0 = Debug|Any CPU
		{F002254E-3C30-4DE0-8D57-CF2D463FE3CA}.Debug|x64.ActiveCfg = Debug|Any CPU
		{F002254E-3C30-4DE0-8D57-CF2D463FE3CA}.Debug|x64.Build.0 = Debug|Any CPU
		{F002254E-3C30-4DE0-8D57-CF2D463FE3CA}.Debug|x86.ActiveCfg = Debug|Any CPU
		{F002254E-3C30-4DE0-8D57-CF2D463FE3CA}.Debug|x86.Build.0 = Debug|Any CPU
		{F002254E-3C30-4DE0-8D57-CF2D463FE3CA}.Release|Any CPU.ActiveCfg = Release|Any CPU
		{F002254E-3C30-4DE0-8D57-CF2D463FE3CA}.Release|Any CPU.Build.0 = Release|Any CPU
		{F002254E-3C30-4DE0-8D57-CF2D463FE3CA}.Release|x64.ActiveCfg = Release|Any CPU
		{F002254E-3C30-4DE0-8D57-CF2D463FE3CA}.Release|x64.Build.0 = Release|Any CPU
		{F002254E-3C30-4DE0-8D57-CF2D463FE3CA}.Release|x86.ActiveCfg = Release|Any CPU
		{F002254E-3C30-4DE0-8D57-CF2D463FE3CA}.Release|x86.Build.0 = Release|Any CPU
		{5217D5CB-53CC-4FA6-809B-F9A6F3919202}.Debug|Any CPU.ActiveCfg = Debug|Any CPU
		{5217D5CB-53CC-4FA6-809B-F9A6F3919202}.Debug|Any CPU.Build.0 = Debug|Any CPU
		{5217D5CB-53CC-4FA6-809B-F9A6F3919202}.Debug|x64.ActiveCfg = Debug|Any CPU
		{5217D5CB-53CC-4FA6-809B-F9A6F3919202}.Debug|x64.Build.0 = Debug|Any CPU
		{5217D5CB-53CC-4FA6-809B-F9A6F3919202}.Debug|x86.ActiveCfg = Debug|Any CPU
		{5217D5CB-53CC-4FA6-809B-F9A6F3919202}.Debug|x86.Build.0 = Debug|Any CPU
		{5217D5CB-53CC-4FA6-809B-F9A6F3919202}.Release|Any CPU.ActiveCfg = Release|Any CPU
		{5217D5CB-53CC-4FA6-809B-F9A6F3919202}.Release|Any CPU.Build.0 = Release|Any CPU
		{5217D5CB-53CC-4FA6-809B-F9A6F3919202}.Release|x64.ActiveCfg = Release|Any CPU
		{5217D5CB-53CC-4FA6-809B-F9A6F3919202}.Release|x64.Build.0 = Release|Any CPU
		{5217D5CB-53CC-4FA6-809B-F9A6F3919202}.Release|x86.ActiveCfg = Release|Any CPU
		{5217D5CB-53CC-4FA6-809B-F9A6F3919202}.Release|x86.Build.0 = Release|Any CPU
		{247A4155-21DD-4272-B6C1-FAC8E3D39F6F}.Debug|Any CPU.ActiveCfg = Debug|Any CPU
		{247A4155-21DD-4272-B6C1-FAC8E3D39F6F}.Debug|Any CPU.Build.0 = Debug|Any CPU
		{247A4155-21DD-4272-B6C1-FAC8E3D39F6F}.Debug|x64.ActiveCfg = Debug|Any CPU
		{247A4155-21DD-4272-B6C1-FAC8E3D39F6F}.Debug|x64.Build.0 = Debug|Any CPU
		{247A4155-21DD-4272-B6C1-FAC8E3D39F6F}.Debug|x86.ActiveCfg = Debug|Any CPU
		{247A4155-21DD-4272-B6C1-FAC8E3D39F6F}.Debug|x86.Build.0 = Debug|Any CPU
		{247A4155-21DD-4272-B6C1-FAC8E3D39F6F}.Release|Any CPU.ActiveCfg = Release|Any CPU
		{247A4155-21DD-4272-B6C1-FAC8E3D39F6F}.Release|Any CPU.Build.0 = Release|Any CPU
		{247A4155-21DD-4272-B6C1-FAC8E3D39F6F}.Release|x64.ActiveCfg = Release|Any CPU
		{247A4155-21DD-4272-B6C1-FAC8E3D39F6F}.Release|x64.Build.0 = Release|Any CPU
		{247A4155-21DD-4272-B6C1-FAC8E3D39F6F}.Release|x86.ActiveCfg = Release|Any CPU
		{247A4155-21DD-4272-B6C1-FAC8E3D39F6F}.Release|x86.Build.0 = Release|Any CPU
		{2D6569C2-9CCF-4857-A7DD-ECE43983D893}.Debug|Any CPU.ActiveCfg = Debug|Any CPU
		{2D6569C2-9CCF-4857-A7DD-ECE43983D893}.Debug|Any CPU.Build.0 = Debug|Any CPU
		{2D6569C2-9CCF-4857-A7DD-ECE43983D893}.Debug|x64.ActiveCfg = Debug|Any CPU
		{2D6569C2-9CCF-4857-A7DD-ECE43983D893}.Debug|x64.Build.0 = Debug|Any CPU
		{2D6569C2-9CCF-4857-A7DD-ECE43983D893}.Debug|x86.ActiveCfg = Debug|Any CPU
		{2D6569C2-9CCF-4857-A7DD-ECE43983D893}.Debug|x86.Build.0 = Debug|Any CPU
		{2D6569C2-9CCF-4857-A7DD-ECE43983D893}.Release|Any CPU.ActiveCfg = Release|Any CPU
		{2D6569C2-9CCF-4857-A7DD-ECE43983D893}.Release|Any CPU.Build.0 = Release|Any CPU
		{2D6569C2-9CCF-4857-A7DD-ECE43983D893}.Release|x64.ActiveCfg = Release|Any CPU
		{2D6569C2-9CCF-4857-A7DD-ECE43983D893}.Release|x64.Build.0 = Release|Any CPU
		{2D6569C2-9CCF-4857-A7DD-ECE43983D893}.Release|x86.ActiveCfg = Release|Any CPU
		{2D6569C2-9CCF-4857-A7DD-ECE43983D893}.Release|x86.Build.0 = Release|Any CPU
		{7D3D2D8B-CB58-4291-818E-55332F885980}.Debug|Any CPU.ActiveCfg = Debug|Any CPU
		{7D3D2D8B-CB58-4291-818E-55332F885980}.Debug|Any CPU.Build.0 = Debug|Any CPU
		{7D3D2D8B-CB58-4291-818E-55332F885980}.Debug|x64.ActiveCfg = Debug|Any CPU
		{7D3D2D8B-CB58-4291-818E-55332F885980}.Debug|x64.Build.0 = Debug|Any CPU
		{7D3D2D8B-CB58-4291-818E-55332F885980}.Debug|x86.ActiveCfg = Debug|Any CPU
		{7D3D2D8B-CB58-4291-818E-55332F885980}.Debug|x86.Build.0 = Debug|Any CPU
		{7D3D2D8B-CB58-4291-818E-55332F885980}.Release|Any CPU.ActiveCfg = Release|Any CPU
		{7D3D2D8B-CB58-4291-818E-55332F885980}.Release|Any CPU.Build.0 = Release|Any CPU
		{7D3D2D8B-CB58-4291-818E-55332F885980}.Release|x64.ActiveCfg = Release|Any CPU
		{7D3D2D8B-CB58-4291-818E-55332F885980}.Release|x64.Build.0 = Release|Any CPU
		{7D3D2D8B-CB58-4291-818E-55332F885980}.Release|x86.ActiveCfg = Release|Any CPU
		{7D3D2D8B-CB58-4291-818E-55332F885980}.Release|x86.Build.0 = Release|Any CPU
		{4AA8808A-9C14-40AC-8D91-89D67B56A35E}.Debug|Any CPU.ActiveCfg = Debug|Any CPU
		{4AA8808A-9C14-40AC-8D91-89D67B56A35E}.Debug|Any CPU.Build.0 = Debug|Any CPU
		{4AA8808A-9C14-40AC-8D91-89D67B56A35E}.Debug|x64.ActiveCfg = Debug|Any CPU
		{4AA8808A-9C14-40AC-8D91-89D67B56A35E}.Debug|x64.Build.0 = Debug|Any CPU
		{4AA8808A-9C14-40AC-8D91-89D67B56A35E}.Debug|x86.ActiveCfg = Debug|Any CPU
		{4AA8808A-9C14-40AC-8D91-89D67B56A35E}.Debug|x86.Build.0 = Debug|Any CPU
		{4AA8808A-9C14-40AC-8D91-89D67B56A35E}.Release|Any CPU.ActiveCfg = Release|Any CPU
		{4AA8808A-9C14-40AC-8D91-89D67B56A35E}.Release|Any CPU.Build.0 = Release|Any CPU
		{4AA8808A-9C14-40AC-8D91-89D67B56A35E}.Release|x64.ActiveCfg = Release|Any CPU
		{4AA8808A-9C14-40AC-8D91-89D67B56A35E}.Release|x64.Build.0 = Release|Any CPU
		{4AA8808A-9C14-40AC-8D91-89D67B56A35E}.Release|x86.ActiveCfg = Release|Any CPU
		{4AA8808A-9C14-40AC-8D91-89D67B56A35E}.Release|x86.Build.0 = Release|Any CPU
		{C2C5D76F-B9EB-477E-9595-FABEB15D5FB6}.Debug|Any CPU.ActiveCfg = Debug|Any CPU
		{C2C5D76F-B9EB-477E-9595-FABEB15D5FB6}.Debug|Any CPU.Build.0 = Debug|Any CPU
		{C2C5D76F-B9EB-477E-9595-FABEB15D5FB6}.Debug|x64.ActiveCfg = Debug|Any CPU
		{C2C5D76F-B9EB-477E-9595-FABEB15D5FB6}.Debug|x64.Build.0 = Debug|Any CPU
		{C2C5D76F-B9EB-477E-9595-FABEB15D5FB6}.Debug|x86.ActiveCfg = Debug|Any CPU
		{C2C5D76F-B9EB-477E-9595-FABEB15D5FB6}.Debug|x86.Build.0 = Debug|Any CPU
		{C2C5D76F-B9EB-477E-9595-FABEB15D5FB6}.Release|Any CPU.ActiveCfg = Release|Any CPU
		{C2C5D76F-B9EB-477E-9595-FABEB15D5FB6}.Release|Any CPU.Build.0 = Release|Any CPU
		{C2C5D76F-B9EB-477E-9595-FABEB15D5FB6}.Release|x64.ActiveCfg = Release|Any CPU
		{C2C5D76F-B9EB-477E-9595-FABEB15D5FB6}.Release|x64.Build.0 = Release|Any CPU
		{C2C5D76F-B9EB-477E-9595-FABEB15D5FB6}.Release|x86.ActiveCfg = Release|Any CPU
		{C2C5D76F-B9EB-477E-9595-FABEB15D5FB6}.Release|x86.Build.0 = Release|Any CPU
		{239FFFEB-B509-4807-B08D-4413A520DC72}.Debug|Any CPU.ActiveCfg = Debug|Any CPU
		{239FFFEB-B509-4807-B08D-4413A520DC72}.Debug|Any CPU.Build.0 = Debug|Any CPU
		{239FFFEB-B509-4807-B08D-4413A520DC72}.Debug|x64.ActiveCfg = Debug|Any CPU
		{239FFFEB-B509-4807-B08D-4413A520DC72}.Debug|x64.Build.0 = Debug|Any CPU
		{239FFFEB-B509-4807-B08D-4413A520DC72}.Debug|x86.ActiveCfg = Debug|Any CPU
		{239FFFEB-B509-4807-B08D-4413A520DC72}.Debug|x86.Build.0 = Debug|Any CPU
		{239FFFEB-B509-4807-B08D-4413A520DC72}.Release|Any CPU.ActiveCfg = Release|Any CPU
		{239FFFEB-B509-4807-B08D-4413A520DC72}.Release|Any CPU.Build.0 = Release|Any CPU
		{239FFFEB-B509-4807-B08D-4413A520DC72}.Release|x64.ActiveCfg = Release|Any CPU
		{239FFFEB-B509-4807-B08D-4413A520DC72}.Release|x64.Build.0 = Release|Any CPU
		{239FFFEB-B509-4807-B08D-4413A520DC72}.Release|x86.ActiveCfg = Release|Any CPU
		{239FFFEB-B509-4807-B08D-4413A520DC72}.Release|x86.Build.0 = Release|Any CPU
		{225233FE-F231-4296-94D3-D356BBD5BA36}.Debug|Any CPU.ActiveCfg = Debug|Any CPU
		{225233FE-F231-4296-94D3-D356BBD5BA36}.Debug|Any CPU.Build.0 = Debug|Any CPU
		{225233FE-F231-4296-94D3-D356BBD5BA36}.Debug|x64.ActiveCfg = Debug|Any CPU
		{225233FE-F231-4296-94D3-D356BBD5BA36}.Debug|x64.Build.0 = Debug|Any CPU
		{225233FE-F231-4296-94D3-D356BBD5BA36}.Debug|x86.ActiveCfg = Debug|Any CPU
		{225233FE-F231-4296-94D3-D356BBD5BA36}.Debug|x86.Build.0 = Debug|Any CPU
		{225233FE-F231-4296-94D3-D356BBD5BA36}.Release|Any CPU.ActiveCfg = Release|Any CPU
		{225233FE-F231-4296-94D3-D356BBD5BA36}.Release|Any CPU.Build.0 = Release|Any CPU
		{225233FE-F231-4296-94D3-D356BBD5BA36}.Release|x64.ActiveCfg = Release|Any CPU
		{225233FE-F231-4296-94D3-D356BBD5BA36}.Release|x64.Build.0 = Release|Any CPU
		{225233FE-F231-4296-94D3-D356BBD5BA36}.Release|x86.ActiveCfg = Release|Any CPU
		{225233FE-F231-4296-94D3-D356BBD5BA36}.Release|x86.Build.0 = Release|Any CPU
		{148B2ACF-F19B-4B69-8855-E55FAF557B2E}.Debug|Any CPU.ActiveCfg = Debug|Any CPU
		{148B2ACF-F19B-4B69-8855-E55FAF557B2E}.Debug|Any CPU.Build.0 = Debug|Any CPU
		{148B2ACF-F19B-4B69-8855-E55FAF557B2E}.Debug|x64.ActiveCfg = Debug|Any CPU
		{148B2ACF-F19B-4B69-8855-E55FAF557B2E}.Debug|x64.Build.0 = Debug|Any CPU
		{148B2ACF-F19B-4B69-8855-E55FAF557B2E}.Debug|x86.ActiveCfg = Debug|Any CPU
		{148B2ACF-F19B-4B69-8855-E55FAF557B2E}.Debug|x86.Build.0 = Debug|Any CPU
		{148B2ACF-F19B-4B69-8855-E55FAF557B2E}.Release|Any CPU.ActiveCfg = Release|Any CPU
		{148B2ACF-F19B-4B69-8855-E55FAF557B2E}.Release|Any CPU.Build.0 = Release|Any CPU
		{148B2ACF-F19B-4B69-8855-E55FAF557B2E}.Release|x64.ActiveCfg = Release|Any CPU
		{148B2ACF-F19B-4B69-8855-E55FAF557B2E}.Release|x64.Build.0 = Release|Any CPU
		{148B2ACF-F19B-4B69-8855-E55FAF557B2E}.Release|x86.ActiveCfg = Release|Any CPU
		{148B2ACF-F19B-4B69-8855-E55FAF557B2E}.Release|x86.Build.0 = Release|Any CPU
		{1B2EA23B-3C30-43AF-9AD2-5AD4ED9EF58C}.Debug|Any CPU.ActiveCfg = Debug|Any CPU
		{1B2EA23B-3C30-43AF-9AD2-5AD4ED9EF58C}.Debug|Any CPU.Build.0 = Debug|Any CPU
		{1B2EA23B-3C30-43AF-9AD2-5AD4ED9EF58C}.Debug|x64.ActiveCfg = Debug|Any CPU
		{1B2EA23B-3C30-43AF-9AD2-5AD4ED9EF58C}.Debug|x64.Build.0 = Debug|Any CPU
		{1B2EA23B-3C30-43AF-9AD2-5AD4ED9EF58C}.Debug|x86.ActiveCfg = Debug|Any CPU
		{1B2EA23B-3C30-43AF-9AD2-5AD4ED9EF58C}.Debug|x86.Build.0 = Debug|Any CPU
		{1B2EA23B-3C30-43AF-9AD2-5AD4ED9EF58C}.Release|Any CPU.ActiveCfg = Release|Any CPU
		{1B2EA23B-3C30-43AF-9AD2-5AD4ED9EF58C}.Release|Any CPU.Build.0 = Release|Any CPU
		{1B2EA23B-3C30-43AF-9AD2-5AD4ED9EF58C}.Release|x64.ActiveCfg = Release|Any CPU
		{1B2EA23B-3C30-43AF-9AD2-5AD4ED9EF58C}.Release|x64.Build.0 = Release|Any CPU
		{1B2EA23B-3C30-43AF-9AD2-5AD4ED9EF58C}.Release|x86.ActiveCfg = Release|Any CPU
		{1B2EA23B-3C30-43AF-9AD2-5AD4ED9EF58C}.Release|x86.Build.0 = Release|Any CPU
		{A0AABD06-E616-436C-925B-63FB2979015D}.Debug|Any CPU.ActiveCfg = Debug|Any CPU
		{A0AABD06-E616-436C-925B-63FB2979015D}.Debug|Any CPU.Build.0 = Debug|Any CPU
		{A0AABD06-E616-436C-925B-63FB2979015D}.Debug|x64.ActiveCfg = Debug|Any CPU
		{A0AABD06-E616-436C-925B-63FB2979015D}.Debug|x64.Build.0 = Debug|Any CPU
		{A0AABD06-E616-436C-925B-63FB2979015D}.Debug|x86.ActiveCfg = Debug|Any CPU
		{A0AABD06-E616-436C-925B-63FB2979015D}.Debug|x86.Build.0 = Debug|Any CPU
		{A0AABD06-E616-436C-925B-63FB2979015D}.Release|Any CPU.ActiveCfg = Release|Any CPU
		{A0AABD06-E616-436C-925B-63FB2979015D}.Release|Any CPU.Build.0 = Release|Any CPU
		{A0AABD06-E616-436C-925B-63FB2979015D}.Release|x64.ActiveCfg = Release|Any CPU
		{A0AABD06-E616-436C-925B-63FB2979015D}.Release|x64.Build.0 = Release|Any CPU
		{A0AABD06-E616-436C-925B-63FB2979015D}.Release|x86.ActiveCfg = Release|Any CPU
		{A0AABD06-E616-436C-925B-63FB2979015D}.Release|x86.Build.0 = Release|Any CPU
		{54E17A8F-EBB2-409F-A7F6-588A524AD9AB}.Debug|Any CPU.ActiveCfg = Debug|Any CPU
		{54E17A8F-EBB2-409F-A7F6-588A524AD9AB}.Debug|Any CPU.Build.0 = Debug|Any CPU
		{54E17A8F-EBB2-409F-A7F6-588A524AD9AB}.Debug|x64.ActiveCfg = Debug|Any CPU
		{54E17A8F-EBB2-409F-A7F6-588A524AD9AB}.Debug|x64.Build.0 = Debug|Any CPU
		{54E17A8F-EBB2-409F-A7F6-588A524AD9AB}.Debug|x86.ActiveCfg = Debug|Any CPU
		{54E17A8F-EBB2-409F-A7F6-588A524AD9AB}.Debug|x86.Build.0 = Debug|Any CPU
		{54E17A8F-EBB2-409F-A7F6-588A524AD9AB}.Release|Any CPU.ActiveCfg = Release|Any CPU
		{54E17A8F-EBB2-409F-A7F6-588A524AD9AB}.Release|Any CPU.Build.0 = Release|Any CPU
		{54E17A8F-EBB2-409F-A7F6-588A524AD9AB}.Release|x64.ActiveCfg = Release|Any CPU
		{54E17A8F-EBB2-409F-A7F6-588A524AD9AB}.Release|x64.Build.0 = Release|Any CPU
		{54E17A8F-EBB2-409F-A7F6-588A524AD9AB}.Release|x86.ActiveCfg = Release|Any CPU
		{54E17A8F-EBB2-409F-A7F6-588A524AD9AB}.Release|x86.Build.0 = Release|Any CPU
		{CE02591F-2CD9-4995-B6D9-384843A1F05E}.Debug|Any CPU.ActiveCfg = Debug|Any CPU
		{CE02591F-2CD9-4995-B6D9-384843A1F05E}.Debug|Any CPU.Build.0 = Debug|Any CPU
		{CE02591F-2CD9-4995-B6D9-384843A1F05E}.Debug|x64.ActiveCfg = Debug|Any CPU
		{CE02591F-2CD9-4995-B6D9-384843A1F05E}.Debug|x64.Build.0 = Debug|Any CPU
		{CE02591F-2CD9-4995-B6D9-384843A1F05E}.Debug|x86.ActiveCfg = Debug|Any CPU
		{CE02591F-2CD9-4995-B6D9-384843A1F05E}.Debug|x86.Build.0 = Debug|Any CPU
		{CE02591F-2CD9-4995-B6D9-384843A1F05E}.Release|Any CPU.ActiveCfg = Release|Any CPU
		{CE02591F-2CD9-4995-B6D9-384843A1F05E}.Release|Any CPU.Build.0 = Release|Any CPU
		{CE02591F-2CD9-4995-B6D9-384843A1F05E}.Release|x64.ActiveCfg = Release|Any CPU
		{CE02591F-2CD9-4995-B6D9-384843A1F05E}.Release|x64.Build.0 = Release|Any CPU
		{CE02591F-2CD9-4995-B6D9-384843A1F05E}.Release|x86.ActiveCfg = Release|Any CPU
		{CE02591F-2CD9-4995-B6D9-384843A1F05E}.Release|x86.Build.0 = Release|Any CPU
		{8BC58B4A-C752-4DF3-8900-9CEAEE8A6B06}.Debug|Any CPU.ActiveCfg = Debug|Any CPU
		{8BC58B4A-C752-4DF3-8900-9CEAEE8A6B06}.Debug|Any CPU.Build.0 = Debug|Any CPU
		{8BC58B4A-C752-4DF3-8900-9CEAEE8A6B06}.Debug|x64.ActiveCfg = Debug|Any CPU
		{8BC58B4A-C752-4DF3-8900-9CEAEE8A6B06}.Debug|x64.Build.0 = Debug|Any CPU
		{8BC58B4A-C752-4DF3-8900-9CEAEE8A6B06}.Debug|x86.ActiveCfg = Debug|Any CPU
		{8BC58B4A-C752-4DF3-8900-9CEAEE8A6B06}.Debug|x86.Build.0 = Debug|Any CPU
		{8BC58B4A-C752-4DF3-8900-9CEAEE8A6B06}.Release|Any CPU.ActiveCfg = Release|Any CPU
		{8BC58B4A-C752-4DF3-8900-9CEAEE8A6B06}.Release|Any CPU.Build.0 = Release|Any CPU
		{8BC58B4A-C752-4DF3-8900-9CEAEE8A6B06}.Release|x64.ActiveCfg = Release|Any CPU
		{8BC58B4A-C752-4DF3-8900-9CEAEE8A6B06}.Release|x64.Build.0 = Release|Any CPU
		{8BC58B4A-C752-4DF3-8900-9CEAEE8A6B06}.Release|x86.ActiveCfg = Release|Any CPU
		{8BC58B4A-C752-4DF3-8900-9CEAEE8A6B06}.Release|x86.Build.0 = Release|Any CPU
		{B486D7BC-61C0-44D1-B95C-22DBA9F2A467}.Debug|Any CPU.ActiveCfg = Debug|Any CPU
		{B486D7BC-61C0-44D1-B95C-22DBA9F2A467}.Debug|Any CPU.Build.0 = Debug|Any CPU
		{B486D7BC-61C0-44D1-B95C-22DBA9F2A467}.Debug|x64.ActiveCfg = Debug|Any CPU
		{B486D7BC-61C0-44D1-B95C-22DBA9F2A467}.Debug|x64.Build.0 = Debug|Any CPU
		{B486D7BC-61C0-44D1-B95C-22DBA9F2A467}.Debug|x86.ActiveCfg = Debug|Any CPU
		{B486D7BC-61C0-44D1-B95C-22DBA9F2A467}.Debug|x86.Build.0 = Debug|Any CPU
		{B486D7BC-61C0-44D1-B95C-22DBA9F2A467}.Release|Any CPU.ActiveCfg = Release|Any CPU
		{B486D7BC-61C0-44D1-B95C-22DBA9F2A467}.Release|Any CPU.Build.0 = Release|Any CPU
		{B486D7BC-61C0-44D1-B95C-22DBA9F2A467}.Release|x64.ActiveCfg = Release|Any CPU
		{B486D7BC-61C0-44D1-B95C-22DBA9F2A467}.Release|x64.Build.0 = Release|Any CPU
		{B486D7BC-61C0-44D1-B95C-22DBA9F2A467}.Release|x86.ActiveCfg = Release|Any CPU
		{B486D7BC-61C0-44D1-B95C-22DBA9F2A467}.Release|x86.Build.0 = Release|Any CPU
		{BB13BC92-5625-4EC5-AD29-B1A3D408739C}.Debug|Any CPU.ActiveCfg = Debug|Any CPU
		{BB13BC92-5625-4EC5-AD29-B1A3D408739C}.Debug|Any CPU.Build.0 = Debug|Any CPU
		{BB13BC92-5625-4EC5-AD29-B1A3D408739C}.Debug|x64.ActiveCfg = Debug|Any CPU
		{BB13BC92-5625-4EC5-AD29-B1A3D408739C}.Debug|x64.Build.0 = Debug|Any CPU
		{BB13BC92-5625-4EC5-AD29-B1A3D408739C}.Debug|x86.ActiveCfg = Debug|Any CPU
		{BB13BC92-5625-4EC5-AD29-B1A3D408739C}.Debug|x86.Build.0 = Debug|Any CPU
		{BB13BC92-5625-4EC5-AD29-B1A3D408739C}.Release|Any CPU.ActiveCfg = Release|Any CPU
		{BB13BC92-5625-4EC5-AD29-B1A3D408739C}.Release|Any CPU.Build.0 = Release|Any CPU
		{BB13BC92-5625-4EC5-AD29-B1A3D408739C}.Release|x64.ActiveCfg = Release|Any CPU
		{BB13BC92-5625-4EC5-AD29-B1A3D408739C}.Release|x64.Build.0 = Release|Any CPU
		{BB13BC92-5625-4EC5-AD29-B1A3D408739C}.Release|x86.ActiveCfg = Release|Any CPU
		{BB13BC92-5625-4EC5-AD29-B1A3D408739C}.Release|x86.Build.0 = Release|Any CPU
		{42A20140-2947-4D01-A4D5-E5258DB7E15C}.Debug|Any CPU.ActiveCfg = Debug|Any CPU
		{42A20140-2947-4D01-A4D5-E5258DB7E15C}.Debug|Any CPU.Build.0 = Debug|Any CPU
		{42A20140-2947-4D01-A4D5-E5258DB7E15C}.Debug|x64.ActiveCfg = Debug|Any CPU
		{42A20140-2947-4D01-A4D5-E5258DB7E15C}.Debug|x64.Build.0 = Debug|Any CPU
		{42A20140-2947-4D01-A4D5-E5258DB7E15C}.Debug|x86.ActiveCfg = Debug|Any CPU
		{42A20140-2947-4D01-A4D5-E5258DB7E15C}.Debug|x86.Build.0 = Debug|Any CPU
		{42A20140-2947-4D01-A4D5-E5258DB7E15C}.Release|Any CPU.ActiveCfg = Release|Any CPU
		{42A20140-2947-4D01-A4D5-E5258DB7E15C}.Release|Any CPU.Build.0 = Release|Any CPU
		{42A20140-2947-4D01-A4D5-E5258DB7E15C}.Release|x64.ActiveCfg = Release|Any CPU
		{42A20140-2947-4D01-A4D5-E5258DB7E15C}.Release|x64.Build.0 = Release|Any CPU
		{42A20140-2947-4D01-A4D5-E5258DB7E15C}.Release|x86.ActiveCfg = Release|Any CPU
		{42A20140-2947-4D01-A4D5-E5258DB7E15C}.Release|x86.Build.0 = Release|Any CPU
		{16DCDA34-B20F-49F8-B718-ABD2DD47DF3C}.Debug|Any CPU.ActiveCfg = Debug|Any CPU
		{16DCDA34-B20F-49F8-B718-ABD2DD47DF3C}.Debug|Any CPU.Build.0 = Debug|Any CPU
		{16DCDA34-B20F-49F8-B718-ABD2DD47DF3C}.Debug|x64.ActiveCfg = Debug|Any CPU
		{16DCDA34-B20F-49F8-B718-ABD2DD47DF3C}.Debug|x64.Build.0 = Debug|Any CPU
		{16DCDA34-B20F-49F8-B718-ABD2DD47DF3C}.Debug|x86.ActiveCfg = Debug|Any CPU
		{16DCDA34-B20F-49F8-B718-ABD2DD47DF3C}.Debug|x86.Build.0 = Debug|Any CPU
		{16DCDA34-B20F-49F8-B718-ABD2DD47DF3C}.Release|Any CPU.ActiveCfg = Release|Any CPU
		{16DCDA34-B20F-49F8-B718-ABD2DD47DF3C}.Release|Any CPU.Build.0 = Release|Any CPU
		{16DCDA34-B20F-49F8-B718-ABD2DD47DF3C}.Release|x64.ActiveCfg = Release|Any CPU
		{16DCDA34-B20F-49F8-B718-ABD2DD47DF3C}.Release|x64.Build.0 = Release|Any CPU
		{16DCDA34-B20F-49F8-B718-ABD2DD47DF3C}.Release|x86.ActiveCfg = Release|Any CPU
		{16DCDA34-B20F-49F8-B718-ABD2DD47DF3C}.Release|x86.Build.0 = Release|Any CPU
		{9C8E0129-03EE-4D31-A54E-89375C7F21CA}.Debug|Any CPU.ActiveCfg = Debug|Any CPU
		{9C8E0129-03EE-4D31-A54E-89375C7F21CA}.Debug|Any CPU.Build.0 = Debug|Any CPU
		{9C8E0129-03EE-4D31-A54E-89375C7F21CA}.Debug|x64.ActiveCfg = Debug|Any CPU
		{9C8E0129-03EE-4D31-A54E-89375C7F21CA}.Debug|x64.Build.0 = Debug|Any CPU
		{9C8E0129-03EE-4D31-A54E-89375C7F21CA}.Debug|x86.ActiveCfg = Debug|Any CPU
		{9C8E0129-03EE-4D31-A54E-89375C7F21CA}.Debug|x86.Build.0 = Debug|Any CPU
		{9C8E0129-03EE-4D31-A54E-89375C7F21CA}.Release|Any CPU.ActiveCfg = Release|Any CPU
		{9C8E0129-03EE-4D31-A54E-89375C7F21CA}.Release|Any CPU.Build.0 = Release|Any CPU
		{9C8E0129-03EE-4D31-A54E-89375C7F21CA}.Release|x64.ActiveCfg = Release|Any CPU
		{9C8E0129-03EE-4D31-A54E-89375C7F21CA}.Release|x64.Build.0 = Release|Any CPU
		{9C8E0129-03EE-4D31-A54E-89375C7F21CA}.Release|x86.ActiveCfg = Release|Any CPU
		{9C8E0129-03EE-4D31-A54E-89375C7F21CA}.Release|x86.Build.0 = Release|Any CPU
		{F1849D63-3023-441F-9538-A8F5C9335A0A}.Debug|Any CPU.ActiveCfg = Debug|Any CPU
		{F1849D63-3023-441F-9538-A8F5C9335A0A}.Debug|Any CPU.Build.0 = Debug|Any CPU
		{F1849D63-3023-441F-9538-A8F5C9335A0A}.Debug|x64.ActiveCfg = Debug|Any CPU
		{F1849D63-3023-441F-9538-A8F5C9335A0A}.Debug|x64.Build.0 = Debug|Any CPU
		{F1849D63-3023-441F-9538-A8F5C9335A0A}.Debug|x86.ActiveCfg = Debug|Any CPU
		{F1849D63-3023-441F-9538-A8F5C9335A0A}.Debug|x86.Build.0 = Debug|Any CPU
		{F1849D63-3023-441F-9538-A8F5C9335A0A}.Release|Any CPU.ActiveCfg = Release|Any CPU
		{F1849D63-3023-441F-9538-A8F5C9335A0A}.Release|Any CPU.Build.0 = Release|Any CPU
		{F1849D63-3023-441F-9538-A8F5C9335A0A}.Release|x64.ActiveCfg = Release|Any CPU
		{F1849D63-3023-441F-9538-A8F5C9335A0A}.Release|x64.Build.0 = Release|Any CPU
		{F1849D63-3023-441F-9538-A8F5C9335A0A}.Release|x86.ActiveCfg = Release|Any CPU
		{F1849D63-3023-441F-9538-A8F5C9335A0A}.Release|x86.Build.0 = Release|Any CPU
		{C5A78F82-5DA0-4FF6-B030-EA19F86E177C}.Debug|Any CPU.ActiveCfg = Debug|Any CPU
		{C5A78F82-5DA0-4FF6-B030-EA19F86E177C}.Debug|Any CPU.Build.0 = Debug|Any CPU
		{C5A78F82-5DA0-4FF6-B030-EA19F86E177C}.Debug|x64.ActiveCfg = Debug|Any CPU
		{C5A78F82-5DA0-4FF6-B030-EA19F86E177C}.Debug|x64.Build.0 = Debug|Any CPU
		{C5A78F82-5DA0-4FF6-B030-EA19F86E177C}.Debug|x86.ActiveCfg = Debug|Any CPU
		{C5A78F82-5DA0-4FF6-B030-EA19F86E177C}.Debug|x86.Build.0 = Debug|Any CPU
		{C5A78F82-5DA0-4FF6-B030-EA19F86E177C}.Release|Any CPU.ActiveCfg = Release|Any CPU
		{C5A78F82-5DA0-4FF6-B030-EA19F86E177C}.Release|Any CPU.Build.0 = Release|Any CPU
		{C5A78F82-5DA0-4FF6-B030-EA19F86E177C}.Release|x64.ActiveCfg = Release|Any CPU
		{C5A78F82-5DA0-4FF6-B030-EA19F86E177C}.Release|x64.Build.0 = Release|Any CPU
		{C5A78F82-5DA0-4FF6-B030-EA19F86E177C}.Release|x86.ActiveCfg = Release|Any CPU
		{C5A78F82-5DA0-4FF6-B030-EA19F86E177C}.Release|x86.Build.0 = Release|Any CPU
	EndGlobalSection
EndGlobal
